// !$*UTF8*$!
{
	archiveVersion = 1;
	classes = {
	};
	objectVersion = 56;
	objects = {

/* Begin PBXBuildFile section */
		D09AC9752918DE8B0081C0EC /* AppDelegate.swift in Sources */ = {isa = PBXBuildFile; fileRef = D09AC9742918DE8B0081C0EC /* AppDelegate.swift */; };
		D09AC9772918DE8B0081C0EC /* SceneDelegate.swift in Sources */ = {isa = PBXBuildFile; fileRef = D09AC9762918DE8B0081C0EC /* SceneDelegate.swift */; };
		D09AC9792918DE8B0081C0EC /* ViewController.swift in Sources */ = {isa = PBXBuildFile; fileRef = D09AC9782918DE8B0081C0EC /* ViewController.swift */; };
		D09AC97C2918DE8B0081C0EC /* Main.storyboard in Resources */ = {isa = PBXBuildFile; fileRef = D09AC97A2918DE8B0081C0EC /* Main.storyboard */; };
		D09AC97E2918DE8C0081C0EC /* Assets.xcassets in Resources */ = {isa = PBXBuildFile; fileRef = D09AC97D2918DE8C0081C0EC /* Assets.xcassets */; };
		D09AC9812918DE8C0081C0EC /* LaunchScreen.storyboard in Resources */ = {isa = PBXBuildFile; fileRef = D09AC97F2918DE8C0081C0EC /* LaunchScreen.storyboard */; };
		D09AC98C2918DE8C0081C0EC /* It_sMETests.swift in Sources */ = {isa = PBXBuildFile; fileRef = D09AC98B2918DE8C0081C0EC /* It_sMETests.swift */; };
		D09AC9962918DE8C0081C0EC /* It_sMEUITests.swift in Sources */ = {isa = PBXBuildFile; fileRef = D09AC9952918DE8C0081C0EC /* It_sMEUITests.swift */; };
		D09AC9982918DE8C0081C0EC /* It_sMEUITestsLaunchTests.swift in Sources */ = {isa = PBXBuildFile; fileRef = D09AC9972918DE8C0081C0EC /* It_sMEUITestsLaunchTests.swift */; };
/* End PBXBuildFile section */

/* Begin PBXContainerItemProxy section */
		D09AC9882918DE8C0081C0EC /* PBXContainerItemProxy */ = {
			isa = PBXContainerItemProxy;
			containerPortal = D09AC9692918DE8B0081C0EC /* Project object */;
			proxyType = 1;
			remoteGlobalIDString = D09AC9702918DE8B0081C0EC;
			remoteInfo = "It'sME";
		};
		D09AC9922918DE8C0081C0EC /* PBXContainerItemProxy */ = {
			isa = PBXContainerItemProxy;
			containerPortal = D09AC9692918DE8B0081C0EC /* Project object */;
			proxyType = 1;
			remoteGlobalIDString = D09AC9702918DE8B0081C0EC;
			remoteInfo = "It'sME";
		};
/* End PBXContainerItemProxy section */

/* Begin PBXFileReference section */
		D09AC9712918DE8B0081C0EC /* It'sME.app */ = {isa = PBXFileReference; explicitFileType = wrapper.application; includeInIndex = 0; path = "It'sME.app"; sourceTree = BUILT_PRODUCTS_DIR; };
		D09AC9742918DE8B0081C0EC /* AppDelegate.swift */ = {isa = PBXFileReference; lastKnownFileType = sourcecode.swift; path = AppDelegate.swift; sourceTree = "<group>"; };
		D09AC9762918DE8B0081C0EC /* SceneDelegate.swift */ = {isa = PBXFileReference; lastKnownFileType = sourcecode.swift; path = SceneDelegate.swift; sourceTree = "<group>"; };
		D09AC9782918DE8B0081C0EC /* ViewController.swift */ = {isa = PBXFileReference; lastKnownFileType = sourcecode.swift; path = ViewController.swift; sourceTree = "<group>"; };
		D09AC97B2918DE8B0081C0EC /* Base */ = {isa = PBXFileReference; lastKnownFileType = file.storyboard; name = Base; path = Base.lproj/Main.storyboard; sourceTree = "<group>"; };
		D09AC97D2918DE8C0081C0EC /* Assets.xcassets */ = {isa = PBXFileReference; lastKnownFileType = folder.assetcatalog; path = Assets.xcassets; sourceTree = "<group>"; };
		D09AC9802918DE8C0081C0EC /* Base */ = {isa = PBXFileReference; lastKnownFileType = file.storyboard; name = Base; path = Base.lproj/LaunchScreen.storyboard; sourceTree = "<group>"; };
		D09AC9822918DE8C0081C0EC /* Info.plist */ = {isa = PBXFileReference; lastKnownFileType = text.plist.xml; path = Info.plist; sourceTree = "<group>"; };
		D09AC9872918DE8C0081C0EC /* It'sMETests.xctest */ = {isa = PBXFileReference; explicitFileType = wrapper.cfbundle; includeInIndex = 0; path = "It'sMETests.xctest"; sourceTree = BUILT_PRODUCTS_DIR; };
		D09AC98B2918DE8C0081C0EC /* It_sMETests.swift */ = {isa = PBXFileReference; lastKnownFileType = sourcecode.swift; path = It_sMETests.swift; sourceTree = "<group>"; };
		D09AC9912918DE8C0081C0EC /* It'sMEUITests.xctest */ = {isa = PBXFileReference; explicitFileType = wrapper.cfbundle; includeInIndex = 0; path = "It'sMEUITests.xctest"; sourceTree = BUILT_PRODUCTS_DIR; };
		D09AC9952918DE8C0081C0EC /* It_sMEUITests.swift */ = {isa = PBXFileReference; lastKnownFileType = sourcecode.swift; path = It_sMEUITests.swift; sourceTree = "<group>"; };
		D09AC9972918DE8C0081C0EC /* It_sMEUITestsLaunchTests.swift */ = {isa = PBXFileReference; lastKnownFileType = sourcecode.swift; path = It_sMEUITestsLaunchTests.swift; sourceTree = "<group>"; };
/* End PBXFileReference section */

/* Begin PBXFrameworksBuildPhase section */
		D09AC96E2918DE8B0081C0EC /* Frameworks */ = {
			isa = PBXFrameworksBuildPhase;
			buildActionMask = 2147483647;
			files = (
			);
			runOnlyForDeploymentPostprocessing = 0;
		};
		D09AC9842918DE8C0081C0EC /* Frameworks */ = {
			isa = PBXFrameworksBuildPhase;
			buildActionMask = 2147483647;
			files = (
			);
			runOnlyForDeploymentPostprocessing = 0;
		};
		D09AC98E2918DE8C0081C0EC /* Frameworks */ = {
			isa = PBXFrameworksBuildPhase;
			buildActionMask = 2147483647;
			files = (
			);
			runOnlyForDeploymentPostprocessing = 0;
		};
/* End PBXFrameworksBuildPhase section */

/* Begin PBXGroup section */
		D09AC9682918DE8B0081C0EC = {
			isa = PBXGroup;
			children = (
				D09AC9732918DE8B0081C0EC /* It'sME */,
				D09AC98A2918DE8C0081C0EC /* It'sMETests */,
				D09AC9942918DE8C0081C0EC /* It'sMEUITests */,
				D09AC9722918DE8B0081C0EC /* Products */,
			);
			sourceTree = "<group>";
		};
		D09AC9722918DE8B0081C0EC /* Products */ = {
			isa = PBXGroup;
			children = (
				D09AC9712918DE8B0081C0EC /* It'sME.app */,
				D09AC9872918DE8C0081C0EC /* It'sMETests.xctest */,
				D09AC9912918DE8C0081C0EC /* It'sMEUITests.xctest */,
			);
			name = Products;
			sourceTree = "<group>";
		};
		D09AC9732918DE8B0081C0EC /* It'sME */ = {
			isa = PBXGroup;
			children = (
				D09AC9742918DE8B0081C0EC /* AppDelegate.swift */,
				D09AC9762918DE8B0081C0EC /* SceneDelegate.swift */,
				D09AC9782918DE8B0081C0EC /* ViewController.swift */,
				D09AC97A2918DE8B0081C0EC /* Main.storyboard */,
				D09AC97D2918DE8C0081C0EC /* Assets.xcassets */,
				D09AC97F2918DE8C0081C0EC /* LaunchScreen.storyboard */,
				D09AC9822918DE8C0081C0EC /* Info.plist */,
			);
			path = "It'sME";
			sourceTree = "<group>";
		};
		D09AC98A2918DE8C0081C0EC /* It'sMETests */ = {
			isa = PBXGroup;
			children = (
				D09AC98B2918DE8C0081C0EC /* It_sMETests.swift */,
			);
			path = "It'sMETests";
			sourceTree = "<group>";
		};
		D09AC9942918DE8C0081C0EC /* It'sMEUITests */ = {
			isa = PBXGroup;
			children = (
				D09AC9952918DE8C0081C0EC /* It_sMEUITests.swift */,
				D09AC9972918DE8C0081C0EC /* It_sMEUITestsLaunchTests.swift */,
			);
			path = "It'sMEUITests";
			sourceTree = "<group>";
		};
/* End PBXGroup section */

/* Begin PBXNativeTarget section */
		D09AC9702918DE8B0081C0EC /* It'sME */ = {
			isa = PBXNativeTarget;
			buildConfigurationList = D09AC99B2918DE8C0081C0EC /* Build configuration list for PBXNativeTarget "It'sME" */;
			buildPhases = (
				D09AC96D2918DE8B0081C0EC /* Sources */,
				D09AC96E2918DE8B0081C0EC /* Frameworks */,
				D09AC96F2918DE8B0081C0EC /* Resources */,
			);
			buildRules = (
			);
			dependencies = (
			);
			name = "It'sME";
			productName = "It'sME";
			productReference = D09AC9712918DE8B0081C0EC /* It'sME.app */;
			productType = "com.apple.product-type.application";
		};
		D09AC9862918DE8C0081C0EC /* It'sMETests */ = {
			isa = PBXNativeTarget;
			buildConfigurationList = D09AC99E2918DE8C0081C0EC /* Build configuration list for PBXNativeTarget "It'sMETests" */;
			buildPhases = (
				D09AC9832918DE8C0081C0EC /* Sources */,
				D09AC9842918DE8C0081C0EC /* Frameworks */,
				D09AC9852918DE8C0081C0EC /* Resources */,
			);
			buildRules = (
			);
			dependencies = (
				D09AC9892918DE8C0081C0EC /* PBXTargetDependency */,
			);
			name = "It'sMETests";
			productName = "It'sMETests";
			productReference = D09AC9872918DE8C0081C0EC /* It'sMETests.xctest */;
			productType = "com.apple.product-type.bundle.unit-test";
		};
		D09AC9902918DE8C0081C0EC /* It'sMEUITests */ = {
			isa = PBXNativeTarget;
			buildConfigurationList = D09AC9A12918DE8C0081C0EC /* Build configuration list for PBXNativeTarget "It'sMEUITests" */;
			buildPhases = (
				D09AC98D2918DE8C0081C0EC /* Sources */,
				D09AC98E2918DE8C0081C0EC /* Frameworks */,
				D09AC98F2918DE8C0081C0EC /* Resources */,
			);
			buildRules = (
			);
			dependencies = (
				D09AC9932918DE8C0081C0EC /* PBXTargetDependency */,
			);
			name = "It'sMEUITests";
			productName = "It'sMEUITests";
			productReference = D09AC9912918DE8C0081C0EC /* It'sMEUITests.xctest */;
			productType = "com.apple.product-type.bundle.ui-testing";
		};
/* End PBXNativeTarget section */

/* Begin PBXProject section */
		D09AC9692918DE8B0081C0EC /* Project object */ = {
			isa = PBXProject;
			attributes = {
				BuildIndependentTargetsInParallel = 1;
				LastSwiftUpdateCheck = 1400;
				LastUpgradeCheck = 1400;
				TargetAttributes = {
					D09AC9702918DE8B0081C0EC = {
						CreatedOnToolsVersion = 14.0.1;
					};
					D09AC9862918DE8C0081C0EC = {
						CreatedOnToolsVersion = 14.0.1;
						TestTargetID = D09AC9702918DE8B0081C0EC;
					};
					D09AC9902918DE8C0081C0EC = {
						CreatedOnToolsVersion = 14.0.1;
						TestTargetID = D09AC9702918DE8B0081C0EC;
					};
				};
			};
			buildConfigurationList = D09AC96C2918DE8B0081C0EC /* Build configuration list for PBXProject "It'sME" */;
			compatibilityVersion = "Xcode 14.0";
			developmentRegion = en;
			hasScannedForEncodings = 0;
			knownRegions = (
				en,
				Base,
			);
			mainGroup = D09AC9682918DE8B0081C0EC;
			productRefGroup = D09AC9722918DE8B0081C0EC /* Products */;
			projectDirPath = "";
			projectRoot = "";
			targets = (
				D09AC9702918DE8B0081C0EC /* It'sME */,
				D09AC9862918DE8C0081C0EC /* It'sMETests */,
				D09AC9902918DE8C0081C0EC /* It'sMEUITests */,
			);
		};
/* End PBXProject section */

/* Begin PBXResourcesBuildPhase section */
		D09AC96F2918DE8B0081C0EC /* Resources */ = {
			isa = PBXResourcesBuildPhase;
			buildActionMask = 2147483647;
			files = (
				D09AC9812918DE8C0081C0EC /* LaunchScreen.storyboard in Resources */,
				D09AC97E2918DE8C0081C0EC /* Assets.xcassets in Resources */,
				D09AC97C2918DE8B0081C0EC /* Main.storyboard in Resources */,
			);
			runOnlyForDeploymentPostprocessing = 0;
		};
		D09AC9852918DE8C0081C0EC /* Resources */ = {
			isa = PBXResourcesBuildPhase;
			buildActionMask = 2147483647;
			files = (
			);
			runOnlyForDeploymentPostprocessing = 0;
		};
		D09AC98F2918DE8C0081C0EC /* Resources */ = {
			isa = PBXResourcesBuildPhase;
			buildActionMask = 2147483647;
			files = (
			);
			runOnlyForDeploymentPostprocessing = 0;
		};
/* End PBXResourcesBuildPhase section */

/* Begin PBXSourcesBuildPhase section */
		D09AC96D2918DE8B0081C0EC /* Sources */ = {
			isa = PBXSourcesBuildPhase;
			buildActionMask = 2147483647;
			files = (
				D09AC9792918DE8B0081C0EC /* ViewController.swift in Sources */,
				D09AC9752918DE8B0081C0EC /* AppDelegate.swift in Sources */,
				D09AC9772918DE8B0081C0EC /* SceneDelegate.swift in Sources */,
			);
			runOnlyForDeploymentPostprocessing = 0;
		};
		D09AC9832918DE8C0081C0EC /* Sources */ = {
			isa = PBXSourcesBuildPhase;
			buildActionMask = 2147483647;
			files = (
				D09AC98C2918DE8C0081C0EC /* It_sMETests.swift in Sources */,
			);
			runOnlyForDeploymentPostprocessing = 0;
		};
		D09AC98D2918DE8C0081C0EC /* Sources */ = {
			isa = PBXSourcesBuildPhase;
			buildActionMask = 2147483647;
			files = (
				D09AC9962918DE8C0081C0EC /* It_sMEUITests.swift in Sources */,
				D09AC9982918DE8C0081C0EC /* It_sMEUITestsLaunchTests.swift in Sources */,
			);
			runOnlyForDeploymentPostprocessing = 0;
		};
/* End PBXSourcesBuildPhase section */

/* Begin PBXTargetDependency section */
		D09AC9892918DE8C0081C0EC /* PBXTargetDependency */ = {
			isa = PBXTargetDependency;
			target = D09AC9702918DE8B0081C0EC /* It'sME */;
			targetProxy = D09AC9882918DE8C0081C0EC /* PBXContainerItemProxy */;
		};
		D09AC9932918DE8C0081C0EC /* PBXTargetDependency */ = {
			isa = PBXTargetDependency;
			target = D09AC9702918DE8B0081C0EC /* It'sME */;
			targetProxy = D09AC9922918DE8C0081C0EC /* PBXContainerItemProxy */;
		};
/* End PBXTargetDependency section */

/* Begin PBXVariantGroup section */
		D09AC97A2918DE8B0081C0EC /* Main.storyboard */ = {
			isa = PBXVariantGroup;
			children = (
				D09AC97B2918DE8B0081C0EC /* Base */,
			);
			name = Main.storyboard;
			sourceTree = "<group>";
		};
		D09AC97F2918DE8C0081C0EC /* LaunchScreen.storyboard */ = {
			isa = PBXVariantGroup;
			children = (
				D09AC9802918DE8C0081C0EC /* Base */,
			);
			name = LaunchScreen.storyboard;
			sourceTree = "<group>";
		};
/* End PBXVariantGroup section */

/* Begin XCBuildConfiguration section */
		D09AC9992918DE8C0081C0EC /* Debug */ = {
			isa = XCBuildConfiguration;
			buildSettings = {
				ALWAYS_SEARCH_USER_PATHS = NO;
				CLANG_ANALYZER_NONNULL = YES;
				CLANG_ANALYZER_NUMBER_OBJECT_CONVERSION = YES_AGGRESSIVE;
				CLANG_CXX_LANGUAGE_STANDARD = "gnu++20";
				CLANG_ENABLE_MODULES = YES;
				CLANG_ENABLE_OBJC_ARC = YES;
				CLANG_ENABLE_OBJC_WEAK = YES;
				CLANG_WARN_BLOCK_CAPTURE_AUTORELEASING = YES;
				CLANG_WARN_BOOL_CONVERSION = YES;
				CLANG_WARN_COMMA = YES;
				CLANG_WARN_CONSTANT_CONVERSION = YES;
				CLANG_WARN_DEPRECATED_OBJC_IMPLEMENTATIONS = YES;
				CLANG_WARN_DIRECT_OBJC_ISA_USAGE = YES_ERROR;
				CLANG_WARN_DOCUMENTATION_COMMENTS = YES;
				CLANG_WARN_EMPTY_BODY = YES;
				CLANG_WARN_ENUM_CONVERSION = YES;
				CLANG_WARN_INFINITE_RECURSION = YES;
				CLANG_WARN_INT_CONVERSION = YES;
				CLANG_WARN_NON_LITERAL_NULL_CONVERSION = YES;
				CLANG_WARN_OBJC_IMPLICIT_RETAIN_SELF = YES;
				CLANG_WARN_OBJC_LITERAL_CONVERSION = YES;
				CLANG_WARN_OBJC_ROOT_CLASS = YES_ERROR;
				CLANG_WARN_QUOTED_INCLUDE_IN_FRAMEWORK_HEADER = YES;
				CLANG_WARN_RANGE_LOOP_ANALYSIS = YES;
				CLANG_WARN_STRICT_PROTOTYPES = YES;
				CLANG_WARN_SUSPICIOUS_MOVE = YES;
				CLANG_WARN_UNGUARDED_AVAILABILITY = YES_AGGRESSIVE;
				CLANG_WARN_UNREACHABLE_CODE = YES;
				CLANG_WARN__DUPLICATE_METHOD_MATCH = YES;
				COPY_PHASE_STRIP = NO;
				DEBUG_INFORMATION_FORMAT = dwarf;
				ENABLE_STRICT_OBJC_MSGSEND = YES;
				ENABLE_TESTABILITY = YES;
				GCC_C_LANGUAGE_STANDARD = gnu11;
				GCC_DYNAMIC_NO_PIC = NO;
				GCC_NO_COMMON_BLOCKS = YES;
				GCC_OPTIMIZATION_LEVEL = 0;
				GCC_PREPROCESSOR_DEFINITIONS = (
					"DEBUG=1",
					"$(inherited)",
				);
				GCC_WARN_64_TO_32_BIT_CONVERSION = YES;
				GCC_WARN_ABOUT_RETURN_TYPE = YES_ERROR;
				GCC_WARN_UNDECLARED_SELECTOR = YES;
				GCC_WARN_UNINITIALIZED_AUTOS = YES_AGGRESSIVE;
				GCC_WARN_UNUSED_FUNCTION = YES;
				GCC_WARN_UNUSED_VARIABLE = YES;
				IPHONEOS_DEPLOYMENT_TARGET = 16.0;
				MTL_ENABLE_DEBUG_INFO = INCLUDE_SOURCE;
				MTL_FAST_MATH = YES;
				ONLY_ACTIVE_ARCH = YES;
				SDKROOT = iphoneos;
				SWIFT_ACTIVE_COMPILATION_CONDITIONS = DEBUG;
				SWIFT_OPTIMIZATION_LEVEL = "-Onone";
			};
			name = Debug;
		};
		D09AC99A2918DE8C0081C0EC /* Release */ = {
			isa = XCBuildConfiguration;
			buildSettings = {
				ALWAYS_SEARCH_USER_PATHS = NO;
				CLANG_ANALYZER_NONNULL = YES;
				CLANG_ANALYZER_NUMBER_OBJECT_CONVERSION = YES_AGGRESSIVE;
				CLANG_CXX_LANGUAGE_STANDARD = "gnu++20";
				CLANG_ENABLE_MODULES = YES;
				CLANG_ENABLE_OBJC_ARC = YES;
				CLANG_ENABLE_OBJC_WEAK = YES;
				CLANG_WARN_BLOCK_CAPTURE_AUTORELEASING = YES;
				CLANG_WARN_BOOL_CONVERSION = YES;
				CLANG_WARN_COMMA = YES;
				CLANG_WARN_CONSTANT_CONVERSION = YES;
				CLANG_WARN_DEPRECATED_OBJC_IMPLEMENTATIONS = YES;
				CLANG_WARN_DIRECT_OBJC_ISA_USAGE = YES_ERROR;
				CLANG_WARN_DOCUMENTATION_COMMENTS = YES;
				CLANG_WARN_EMPTY_BODY = YES;
				CLANG_WARN_ENUM_CONVERSION = YES;
				CLANG_WARN_INFINITE_RECURSION = YES;
				CLANG_WARN_INT_CONVERSION = YES;
				CLANG_WARN_NON_LITERAL_NULL_CONVERSION = YES;
				CLANG_WARN_OBJC_IMPLICIT_RETAIN_SELF = YES;
				CLANG_WARN_OBJC_LITERAL_CONVERSION = YES;
				CLANG_WARN_OBJC_ROOT_CLASS = YES_ERROR;
				CLANG_WARN_QUOTED_INCLUDE_IN_FRAMEWORK_HEADER = YES;
				CLANG_WARN_RANGE_LOOP_ANALYSIS = YES;
				CLANG_WARN_STRICT_PROTOTYPES = YES;
				CLANG_WARN_SUSPICIOUS_MOVE = YES;
				CLANG_WARN_UNGUARDED_AVAILABILITY = YES_AGGRESSIVE;
				CLANG_WARN_UNREACHABLE_CODE = YES;
				CLANG_WARN__DUPLICATE_METHOD_MATCH = YES;
				COPY_PHASE_STRIP = NO;
				DEBUG_INFORMATION_FORMAT = "dwarf-with-dsym";
				ENABLE_NS_ASSERTIONS = NO;
				ENABLE_STRICT_OBJC_MSGSEND = YES;
				GCC_C_LANGUAGE_STANDARD = gnu11;
				GCC_NO_COMMON_BLOCKS = YES;
				GCC_WARN_64_TO_32_BIT_CONVERSION = YES;
				GCC_WARN_ABOUT_RETURN_TYPE = YES_ERROR;
				GCC_WARN_UNDECLARED_SELECTOR = YES;
				GCC_WARN_UNINITIALIZED_AUTOS = YES_AGGRESSIVE;
				GCC_WARN_UNUSED_FUNCTION = YES;
				GCC_WARN_UNUSED_VARIABLE = YES;
				IPHONEOS_DEPLOYMENT_TARGET = 16.0;
				MTL_ENABLE_DEBUG_INFO = NO;
				MTL_FAST_MATH = YES;
				SDKROOT = iphoneos;
				SWIFT_COMPILATION_MODE = wholemodule;
				SWIFT_OPTIMIZATION_LEVEL = "-O";
				VALIDATE_PRODUCT = YES;
			};
			name = Release;
		};
		D09AC99C2918DE8C0081C0EC /* Debug */ = {
			isa = XCBuildConfiguration;
			buildSettings = {
				ASSETCATALOG_COMPILER_APPICON_NAME = AppIcon;
				ASSETCATALOG_COMPILER_GLOBAL_ACCENT_COLOR_NAME = AccentColor;
				CODE_SIGN_STYLE = Automatic;
				CURRENT_PROJECT_VERSION = 1;
				DEVELOPMENT_TEAM = 585F6TK5A8;
				GENERATE_INFOPLIST_FILE = YES;
				INFOPLIST_FILE = "It'sME/Info.plist";
				INFOPLIST_KEY_UIApplicationSupportsIndirectInputEvents = YES;
				INFOPLIST_KEY_UILaunchStoryboardName = LaunchScreen;
				INFOPLIST_KEY_UIMainStoryboardFile = Main;
				INFOPLIST_KEY_UISupportedInterfaceOrientations_iPad = "UIInterfaceOrientationPortrait UIInterfaceOrientationPortraitUpsideDown UIInterfaceOrientationLandscapeLeft UIInterfaceOrientationLandscapeRight";
				INFOPLIST_KEY_UISupportedInterfaceOrientations_iPhone = "UIInterfaceOrientationPortrait UIInterfaceOrientationLandscapeLeft UIInterfaceOrientationLandscapeRight";
				LD_RUNPATH_SEARCH_PATHS = (
					"$(inherited)",
					"@executable_path/Frameworks",
				);
				MARKETING_VERSION = 1.0;
				PRODUCT_BUNDLE_IDENTIFIER = "com.ILGOB.It-sME";
				PRODUCT_NAME = "$(TARGET_NAME)";
				SWIFT_EMIT_LOC_STRINGS = YES;
				SWIFT_VERSION = 5.0;
				TARGETED_DEVICE_FAMILY = "1,2";
			};
			name = Debug;
		};
		D09AC99D2918DE8C0081C0EC /* Release */ = {
			isa = XCBuildConfiguration;
			buildSettings = {
				ASSETCATALOG_COMPILER_APPICON_NAME = AppIcon;
				ASSETCATALOG_COMPILER_GLOBAL_ACCENT_COLOR_NAME = AccentColor;
				CODE_SIGN_STYLE = Automatic;
				CURRENT_PROJECT_VERSION = 1;
				DEVELOPMENT_TEAM = 585F6TK5A8;
				GENERATE_INFOPLIST_FILE = YES;
				INFOPLIST_FILE = "It'sME/Info.plist";
				INFOPLIST_KEY_UIApplicationSupportsIndirectInputEvents = YES;
				INFOPLIST_KEY_UILaunchStoryboardName = LaunchScreen;
				INFOPLIST_KEY_UIMainStoryboardFile = Main;
				INFOPLIST_KEY_UISupportedInterfaceOrientations_iPad = "UIInterfaceOrientationPortrait UIInterfaceOrientationPortraitUpsideDown UIInterfaceOrientationLandscapeLeft UIInterfaceOrientationLandscapeRight";
				INFOPLIST_KEY_UISupportedInterfaceOrientations_iPhone = "UIInterfaceOrientationPortrait UIInterfaceOrientationLandscapeLeft UIInterfaceOrientationLandscapeRight";
				LD_RUNPATH_SEARCH_PATHS = (
					"$(inherited)",
					"@executable_path/Frameworks",
				);
				MARKETING_VERSION = 1.0;
				PRODUCT_BUNDLE_IDENTIFIER = "com.ILGOB.It-sME";
				PRODUCT_NAME = "$(TARGET_NAME)";
				SWIFT_EMIT_LOC_STRINGS = YES;
				SWIFT_VERSION = 5.0;
				TARGETED_DEVICE_FAMILY = "1,2";
			};
			name = Release;
		};
		D09AC99F2918DE8C0081C0EC /* Debug */ = {
			isa = XCBuildConfiguration;
			buildSettings = {
				ALWAYS_EMBED_SWIFT_STANDARD_LIBRARIES = YES;
				BUNDLE_LOADER = "$(TEST_HOST)";
				CODE_SIGN_STYLE = Automatic;
				CURRENT_PROJECT_VERSION = 1;
				DEVELOPMENT_TEAM = 585F6TK5A8;
				GENERATE_INFOPLIST_FILE = YES;
				IPHONEOS_DEPLOYMENT_TARGET = 16.0;
				MARKETING_VERSION = 1.0;
				PRODUCT_BUNDLE_IDENTIFIER = "com.ILGOB.It-sMETests";
				PRODUCT_NAME = "$(TARGET_NAME)";
				SWIFT_EMIT_LOC_STRINGS = NO;
				SWIFT_VERSION = 5.0;
				TARGETED_DEVICE_FAMILY = "1,2";
				TEST_HOST = "$(BUILT_PRODUCTS_DIR)/It'sME.app/$(BUNDLE_EXECUTABLE_FOLDER_PATH)/It'sME";
			};
			name = Debug;
		};
		D09AC9A02918DE8C0081C0EC /* Release */ = {
			isa = XCBuildConfiguration;
			buildSettings = {
				ALWAYS_EMBED_SWIFT_STANDARD_LIBRARIES = YES;
				BUNDLE_LOADER = "$(TEST_HOST)";
				CODE_SIGN_STYLE = Automatic;
				CURRENT_PROJECT_VERSION = 1;
				DEVELOPMENT_TEAM = 585F6TK5A8;
				GENERATE_INFOPLIST_FILE = YES;
				IPHONEOS_DEPLOYMENT_TARGET = 16.0;
				MARKETING_VERSION = 1.0;
				PRODUCT_BUNDLE_IDENTIFIER = "com.ILGOB.It-sMETests";
				PRODUCT_NAME = "$(TARGET_NAME)";
				SWIFT_EMIT_LOC_STRINGS = NO;
				SWIFT_VERSION = 5.0;
				TARGETED_DEVICE_FAMILY = "1,2";
				TEST_HOST = "$(BUILT_PRODUCTS_DIR)/It'sME.app/$(BUNDLE_EXECUTABLE_FOLDER_PATH)/It'sME";
			};
			name = Release;
		};
		D09AC9A22918DE8C0081C0EC /* Debug */ = {
			isa = XCBuildConfiguration;
			buildSettings = {
				ALWAYS_EMBED_SWIFT_STANDARD_LIBRARIES = YES;
				CODE_SIGN_STYLE = Automatic;
				CURRENT_PROJECT_VERSION = 1;
				DEVELOPMENT_TEAM = 585F6TK5A8;
				GENERATE_INFOPLIST_FILE = YES;
				MARKETING_VERSION = 1.0;
				PRODUCT_BUNDLE_IDENTIFIER = "com.ILGOB.It-sMEUITests";
				PRODUCT_NAME = "$(TARGET_NAME)";
				SWIFT_EMIT_LOC_STRINGS = NO;
				SWIFT_VERSION = 5.0;
				TARGETED_DEVICE_FAMILY = "1,2";
				TEST_TARGET_NAME = "It'sME";
			};
			name = Debug;
		};
		D09AC9A32918DE8C0081C0EC /* Release */ = {
			isa = XCBuildConfiguration;
			buildSettings = {
				ALWAYS_EMBED_SWIFT_STANDARD_LIBRARIES = YES;
				CODE_SIGN_STYLE = Automatic;
				CURRENT_PROJECT_VERSION = 1;
				DEVELOPMENT_TEAM = 585F6TK5A8;
				GENERATE_INFOPLIST_FILE = YES;
				MARKETING_VERSION = 1.0;
				PRODUCT_BUNDLE_IDENTIFIER = "com.ILGOB.It-sMEUITests";
				PRODUCT_NAME = "$(TARGET_NAME)";
				SWIFT_EMIT_LOC_STRINGS = NO;
				SWIFT_VERSION = 5.0;
				TARGETED_DEVICE_FAMILY = "1,2";
				TEST_TARGET_NAME = "It'sME";
			};
			name = Release;
		};
/* End XCBuildConfiguration section */

/* Begin XCConfigurationList section */
		D09AC96C2918DE8B0081C0EC /* Build configuration list for PBXProject "It'sME" */ = {
			isa = XCConfigurationList;
			buildConfigurations = (
				D09AC9992918DE8C0081C0EC /* Debug */,
				D09AC99A2918DE8C0081C0EC /* Release */,
			);
			defaultConfigurationIsVisible = 0;
			defaultConfigurationName = Release;
		};
		D09AC99B2918DE8C0081C0EC /* Build configuration list for PBXNativeTarget "It'sME" */ = {
			isa = XCConfigurationList;
			buildConfigurations = (
				D09AC99C2918DE8C0081C0EC /* Debug */,
				D09AC99D2918DE8C0081C0EC /* Release */,
			);
			defaultConfigurationIsVisible = 0;
			defaultConfigurationName = Release;
		};
		D09AC99E2918DE8C0081C0EC /* Build configuration list for PBXNativeTarget "It'sMETests" */ = {
			isa = XCConfigurationList;
			buildConfigurations = (
				D09AC99F2918DE8C0081C0EC /* Debug */,
				D09AC9A02918DE8C0081C0EC /* Release */,
			);
			defaultConfigurationIsVisible = 0;
			defaultConfigurationName = Release;
		};
		D09AC9A12918DE8C0081C0EC /* Build configuration list for PBXNativeTarget "It'sMEUITests" */ = {
			isa = XCConfigurationList;
			buildConfigurations = (
				D09AC9A22918DE8C0081C0EC /* Debug */,
				D09AC9A32918DE8C0081C0EC /* Release */,
			);
			defaultConfigurationIsVisible = 0;
			defaultConfigurationName = Release;
		};
/* End XCConfigurationList section */
	};
	rootObject = D09AC9692918DE8B0081C0EC /* Project object */;
}
