// !$*UTF8*$!
{
	archiveVersion = 1;
	classes = {
	};
	objectVersion = 56;
	objects = {

/* Begin PBXBuildFile section */
		5A1D500F495945D8DB18B4AB /* Pods_ItsME_ItsMEUITests.framework in Frameworks */ = {isa = PBXBuildFile; fileRef = 081988BABF3599245EDB508F /* Pods_ItsME_ItsMEUITests.framework */; };
		CCDA8E1FF308983EC584941D /* Pods_ItsMETests.framework in Frameworks */ = {isa = PBXBuildFile; fileRef = F871EFEC5CD92283AADAD541 /* Pods_ItsMETests.framework */; };
		D09AC9752918DE8B0081C0EC /* AppDelegate.swift in Sources */ = {isa = PBXBuildFile; fileRef = D09AC9742918DE8B0081C0EC /* AppDelegate.swift */; };
		D09AC9772918DE8B0081C0EC /* SceneDelegate.swift in Sources */ = {isa = PBXBuildFile; fileRef = D09AC9762918DE8B0081C0EC /* SceneDelegate.swift */; };
		D09AC9792918DE8B0081C0EC /* HomeViewController.swift in Sources */ = {isa = PBXBuildFile; fileRef = D09AC9782918DE8B0081C0EC /* HomeViewController.swift */; };
		D09AC97E2918DE8C0081C0EC /* Assets.xcassets in Resources */ = {isa = PBXBuildFile; fileRef = D09AC97D2918DE8C0081C0EC /* Assets.xcassets */; };
		D09AC9812918DE8C0081C0EC /* LaunchScreen.storyboard in Resources */ = {isa = PBXBuildFile; fileRef = D09AC97F2918DE8C0081C0EC /* LaunchScreen.storyboard */; };
		D09AC98C2918DE8C0081C0EC /* It_sMETests.swift in Sources */ = {isa = PBXBuildFile; fileRef = D09AC98B2918DE8C0081C0EC /* It_sMETests.swift */; };
		D09AC9962918DE8C0081C0EC /* It_sMEUITests.swift in Sources */ = {isa = PBXBuildFile; fileRef = D09AC9952918DE8C0081C0EC /* It_sMEUITests.swift */; };
		D09AC9982918DE8C0081C0EC /* It_sMEUITestsLaunchTests.swift in Sources */ = {isa = PBXBuildFile; fileRef = D09AC9972918DE8C0081C0EC /* It_sMEUITestsLaunchTests.swift */; };
		DB169790AB17D072F4936595 /* Pods_ItsME.framework in Frameworks */ = {isa = PBXBuildFile; fileRef = 823C7DD7960C5DD2229AC1B1 /* Pods_ItsME.framework */; };
		DAAFB2532918EE5A007A8DF0 /* UserInfo.swift in Sources */ = {isa = PBXBuildFile; fileRef = DAAFB2522918EE5A007A8DF0 /* UserInfo.swift */; };
		DAB06A3D291BA5B400E86163 /* HomeViewModel.swift in Sources */ = {isa = PBXBuildFile; fileRef = DAB06A3C291BA5B400E86163 /* HomeViewModel.swift */; };
		DAB06A40291BA61100E86163 /* ViewModelType.swift in Sources */ = {isa = PBXBuildFile; fileRef = DAB06A3F291BA61100E86163 /* ViewModelType.swift */; };
/* End PBXBuildFile section */

/* Begin PBXContainerItemProxy section */
		D09AC9882918DE8C0081C0EC /* PBXContainerItemProxy */ = {
			isa = PBXContainerItemProxy;
			containerPortal = D09AC9692918DE8B0081C0EC /* Project object */;
			proxyType = 1;
			remoteGlobalIDString = D09AC9702918DE8B0081C0EC;
			remoteInfo = "It'sME";
		};
		D09AC9922918DE8C0081C0EC /* PBXContainerItemProxy */ = {
			isa = PBXContainerItemProxy;
			containerPortal = D09AC9692918DE8B0081C0EC /* Project object */;
			proxyType = 1;
			remoteGlobalIDString = D09AC9702918DE8B0081C0EC;
			remoteInfo = "It'sME";
		};
/* End PBXContainerItemProxy section */

/* Begin PBXFileReference section */
		081988BABF3599245EDB508F /* Pods_ItsME_ItsMEUITests.framework */ = {isa = PBXFileReference; explicitFileType = wrapper.framework; includeInIndex = 0; path = Pods_ItsME_ItsMEUITests.framework; sourceTree = BUILT_PRODUCTS_DIR; };
		5FF2794B526FF37C53923D85 /* Pods-ItsME.debug.xcconfig */ = {isa = PBXFileReference; includeInIndex = 1; lastKnownFileType = text.xcconfig; name = "Pods-ItsME.debug.xcconfig"; path = "Target Support Files/Pods-ItsME/Pods-ItsME.debug.xcconfig"; sourceTree = "<group>"; };
		62CEDC6541F90589131538C7 /* Pods-ItsME.release.xcconfig */ = {isa = PBXFileReference; includeInIndex = 1; lastKnownFileType = text.xcconfig; name = "Pods-ItsME.release.xcconfig"; path = "Target Support Files/Pods-ItsME/Pods-ItsME.release.xcconfig"; sourceTree = "<group>"; };
		81657DFF702F5D180BCDB86B /* Pods-ItsMETests.debug.xcconfig */ = {isa = PBXFileReference; includeInIndex = 1; lastKnownFileType = text.xcconfig; name = "Pods-ItsMETests.debug.xcconfig"; path = "Target Support Files/Pods-ItsMETests/Pods-ItsMETests.debug.xcconfig"; sourceTree = "<group>"; };
		823C7DD7960C5DD2229AC1B1 /* Pods_ItsME.framework */ = {isa = PBXFileReference; explicitFileType = wrapper.framework; includeInIndex = 0; path = Pods_ItsME.framework; sourceTree = BUILT_PRODUCTS_DIR; };
		8B3EB68FEFE206B66839B7F7 /* Pods-ItsME-ItsMEUITests.debug.xcconfig */ = {isa = PBXFileReference; includeInIndex = 1; lastKnownFileType = text.xcconfig; name = "Pods-ItsME-ItsMEUITests.debug.xcconfig"; path = "Target Support Files/Pods-ItsME-ItsMEUITests/Pods-ItsME-ItsMEUITests.debug.xcconfig"; sourceTree = "<group>"; };
		A2659E402408F957C85A0D5B /* Pods-ItsMETests.release.xcconfig */ = {isa = PBXFileReference; includeInIndex = 1; lastKnownFileType = text.xcconfig; name = "Pods-ItsMETests.release.xcconfig"; path = "Target Support Files/Pods-ItsMETests/Pods-ItsMETests.release.xcconfig"; sourceTree = "<group>"; };
		CEDD5EA30A26348FCEB22EC2 /* Pods-ItsME-ItsMEUITests.release.xcconfig */ = {isa = PBXFileReference; includeInIndex = 1; lastKnownFileType = text.xcconfig; name = "Pods-ItsME-ItsMEUITests.release.xcconfig"; path = "Target Support Files/Pods-ItsME-ItsMEUITests/Pods-ItsME-ItsMEUITests.release.xcconfig"; sourceTree = "<group>"; };
		D09AC9712918DE8B0081C0EC /* ItsME.app */ = {isa = PBXFileReference; explicitFileType = wrapper.application; includeInIndex = 0; path = ItsME.app; sourceTree = BUILT_PRODUCTS_DIR; };
		D09AC9742918DE8B0081C0EC /* AppDelegate.swift */ = {isa = PBXFileReference; lastKnownFileType = sourcecode.swift; path = AppDelegate.swift; sourceTree = "<group>"; };
		D09AC9762918DE8B0081C0EC /* SceneDelegate.swift */ = {isa = PBXFileReference; lastKnownFileType = sourcecode.swift; path = SceneDelegate.swift; sourceTree = "<group>"; };
		D09AC9782918DE8B0081C0EC /* HomeViewController.swift */ = {isa = PBXFileReference; lastKnownFileType = sourcecode.swift; path = HomeViewController.swift; sourceTree = "<group>"; };
		D09AC97D2918DE8C0081C0EC /* Assets.xcassets */ = {isa = PBXFileReference; lastKnownFileType = folder.assetcatalog; path = Assets.xcassets; sourceTree = "<group>"; };
		D09AC9802918DE8C0081C0EC /* Base */ = {isa = PBXFileReference; lastKnownFileType = file.storyboard; name = Base; path = Base.lproj/LaunchScreen.storyboard; sourceTree = "<group>"; };
		D09AC9822918DE8C0081C0EC /* Info.plist */ = {isa = PBXFileReference; lastKnownFileType = text.plist.xml; name = Info.plist; path = "It'sME/Resources/Info.plist"; sourceTree = SOURCE_ROOT; };
		D09AC9872918DE8C0081C0EC /* ItsMETests.xctest */ = {isa = PBXFileReference; explicitFileType = wrapper.cfbundle; includeInIndex = 0; path = ItsMETests.xctest; sourceTree = BUILT_PRODUCTS_DIR; };
		D09AC98B2918DE8C0081C0EC /* It_sMETests.swift */ = {isa = PBXFileReference; lastKnownFileType = sourcecode.swift; path = It_sMETests.swift; sourceTree = "<group>"; };
		D09AC9912918DE8C0081C0EC /* ItsMEUITests.xctest */ = {isa = PBXFileReference; explicitFileType = wrapper.cfbundle; includeInIndex = 0; path = ItsMEUITests.xctest; sourceTree = BUILT_PRODUCTS_DIR; };
		D09AC9952918DE8C0081C0EC /* It_sMEUITests.swift */ = {isa = PBXFileReference; lastKnownFileType = sourcecode.swift; path = It_sMEUITests.swift; sourceTree = "<group>"; };
		D09AC9972918DE8C0081C0EC /* It_sMEUITestsLaunchTests.swift */ = {isa = PBXFileReference; lastKnownFileType = sourcecode.swift; path = It_sMEUITestsLaunchTests.swift; sourceTree = "<group>"; };
		F871EFEC5CD92283AADAD541 /* Pods_ItsMETests.framework */ = {isa = PBXFileReference; explicitFileType = wrapper.framework; includeInIndex = 0; path = Pods_ItsMETests.framework; sourceTree = BUILT_PRODUCTS_DIR; };
		DAAFB2522918EE5A007A8DF0 /* UserInfo.swift */ = {isa = PBXFileReference; lastKnownFileType = sourcecode.swift; path = UserInfo.swift; sourceTree = "<group>"; };
		DAB06A3C291BA5B400E86163 /* HomeViewModel.swift */ = {isa = PBXFileReference; lastKnownFileType = sourcecode.swift; path = HomeViewModel.swift; sourceTree = "<group>"; };
		DAB06A3F291BA61100E86163 /* ViewModelType.swift */ = {isa = PBXFileReference; lastKnownFileType = sourcecode.swift; path = ViewModelType.swift; sourceTree = "<group>"; };
/* End PBXFileReference section */

/* Begin PBXFrameworksBuildPhase section */
		D09AC96E2918DE8B0081C0EC /* Frameworks */ = {
			isa = PBXFrameworksBuildPhase;
			buildActionMask = 2147483647;
			files = (
				DB169790AB17D072F4936595 /* Pods_ItsME.framework in Frameworks */,
			);
			runOnlyForDeploymentPostprocessing = 0;
		};
		D09AC9842918DE8C0081C0EC /* Frameworks */ = {
			isa = PBXFrameworksBuildPhase;
			buildActionMask = 2147483647;
			files = (
				CCDA8E1FF308983EC584941D /* Pods_ItsMETests.framework in Frameworks */,
			);
			runOnlyForDeploymentPostprocessing = 0;
		};
		D09AC98E2918DE8C0081C0EC /* Frameworks */ = {
			isa = PBXFrameworksBuildPhase;
			buildActionMask = 2147483647;
			files = (
				5A1D500F495945D8DB18B4AB /* Pods_ItsME_ItsMEUITests.framework in Frameworks */,
			);
			runOnlyForDeploymentPostprocessing = 0;
		};
/* End PBXFrameworksBuildPhase section */

/* Begin PBXGroup section */
		2689F7CF21726D39BBC8B53A /* Frameworks */ = {
			isa = PBXGroup;
			children = (
				823C7DD7960C5DD2229AC1B1 /* Pods_ItsME.framework */,
				081988BABF3599245EDB508F /* Pods_ItsME_ItsMEUITests.framework */,
				F871EFEC5CD92283AADAD541 /* Pods_ItsMETests.framework */,
			);
			name = Frameworks;
			sourceTree = "<group>";
		};
		52102F58560B24E2E84059BE /* Pods */ = {
			isa = PBXGroup;
			children = (
				5FF2794B526FF37C53923D85 /* Pods-ItsME.debug.xcconfig */,
				62CEDC6541F90589131538C7 /* Pods-ItsME.release.xcconfig */,
				8B3EB68FEFE206B66839B7F7 /* Pods-ItsME-ItsMEUITests.debug.xcconfig */,
				CEDD5EA30A26348FCEB22EC2 /* Pods-ItsME-ItsMEUITests.release.xcconfig */,
				81657DFF702F5D180BCDB86B /* Pods-ItsMETests.debug.xcconfig */,
				A2659E402408F957C85A0D5B /* Pods-ItsMETests.release.xcconfig */,
			);
			path = Pods;
			sourceTree = "<group>";
		};
		D09AC9682918DE8B0081C0EC = {
			isa = PBXGroup;
			children = (
				D09AC9732918DE8B0081C0EC /* ItsME */,
				D09AC98A2918DE8C0081C0EC /* ItsMETests */,
				D09AC9942918DE8C0081C0EC /* ItsMEUITests */,
				D09AC9722918DE8B0081C0EC /* Products */,
				52102F58560B24E2E84059BE /* Pods */,
				2689F7CF21726D39BBC8B53A /* Frameworks */,
			);
			sourceTree = "<group>";
		};
		D09AC9722918DE8B0081C0EC /* Products */ = {
			isa = PBXGroup;
			children = (
				D09AC9712918DE8B0081C0EC /* ItsME.app */,
				D09AC9872918DE8C0081C0EC /* ItsMETests.xctest */,
				D09AC9912918DE8C0081C0EC /* ItsMEUITests.xctest */,
			);
			name = Products;
			sourceTree = "<group>";
		};
		D09AC9732918DE8B0081C0EC /* ItsME */ = {
			isa = PBXGroup;
			children = (
				DAAFB2492918E43B007A8DF0 /* Application */,
				DAAFB2512918EE3D007A8DF0 /* Entities */,
				DAAFB24B2918E49A007A8DF0 /* Presentation */,
				DAAFB24A2918E44B007A8DF0 /* Resources */,
				DAB06A3E291BA5E600E86163 /* Utils */,
			);
			path = ItsME;
			sourceTree = "<group>";
		};
		D09AC98A2918DE8C0081C0EC /* ItsMETests */ = {
			isa = PBXGroup;
			children = (
				D09AC98B2918DE8C0081C0EC /* It_sMETests.swift */,
			);
			path = ItsMETests;
			sourceTree = "<group>";
		};
		D09AC9942918DE8C0081C0EC /* ItsMEUITests */ = {
			isa = PBXGroup;
			children = (
				D09AC9952918DE8C0081C0EC /* It_sMEUITests.swift */,
				D09AC9972918DE8C0081C0EC /* It_sMEUITestsLaunchTests.swift */,
			);
			path = ItsMEUITests;
			sourceTree = "<group>";
		};
		DAAFB2492918E43B007A8DF0 /* Application */ = {
			isa = PBXGroup;
			children = (
				D09AC9742918DE8B0081C0EC /* AppDelegate.swift */,
				D09AC9762918DE8B0081C0EC /* SceneDelegate.swift */,
			);
			path = Application;
			sourceTree = "<group>";
		};
		DAAFB24A2918E44B007A8DF0 /* Resources */ = {
			isa = PBXGroup;
			children = (
				D09AC97D2918DE8C0081C0EC /* Assets.xcassets */,
				D09AC97F2918DE8C0081C0EC /* LaunchScreen.storyboard */,
				D09AC9822918DE8C0081C0EC /* Info.plist */,
			);
			path = Resources;
			sourceTree = "<group>";
		};
		DAAFB24B2918E49A007A8DF0 /* Presentation */ = {
			isa = PBXGroup;
			children = (
				DAB06A3A291BA5A300E86163 /* Scenes */,
			);
			path = Presentation;
			sourceTree = "<group>";
		};
		DAAFB24D2918EC38007A8DF0 /* Home */ = {
			isa = PBXGroup;
			children = (
				D09AC9782918DE8B0081C0EC /* HomeViewController.swift */,
				DAB06A3C291BA5B400E86163 /* HomeViewModel.swift */,
			);
			path = Home;
			sourceTree = "<group>";
		};
		DAAFB2512918EE3D007A8DF0 /* Entities */ = {
			isa = PBXGroup;
			children = (
				DAAFB2522918EE5A007A8DF0 /* UserInfo.swift */,
			);
			path = Entities;
			sourceTree = "<group>";
		};
		DAB06A3A291BA5A300E86163 /* Scenes */ = {
			isa = PBXGroup;
			children = (
				DAAFB24D2918EC38007A8DF0 /* Home */,
			);
			path = Scenes;
			sourceTree = "<group>";
		};
		DAB06A3E291BA5E600E86163 /* Utils */ = {
			isa = PBXGroup;
			children = (
				DAB06A41291BA8C800E86163 /* Protocols */,
			);
			path = Utils;
			sourceTree = "<group>";
		};
		DAB06A41291BA8C800E86163 /* Protocols */ = {
			isa = PBXGroup;
			children = (
				DAB06A3F291BA61100E86163 /* ViewModelType.swift */,
			);
			path = Protocols;
			sourceTree = "<group>";
		};
/* End PBXGroup section */

/* Begin PBXNativeTarget section */
		D09AC9702918DE8B0081C0EC /* ItsME */ = {
			isa = PBXNativeTarget;
			buildConfigurationList = D09AC99B2918DE8C0081C0EC /* Build configuration list for PBXNativeTarget "ItsME" */;
			buildPhases = (
				B7F44F658D1E386BB5A791A8 /* [CP] Check Pods Manifest.lock */,
				D09AC96D2918DE8B0081C0EC /* Sources */,
				D09AC96E2918DE8B0081C0EC /* Frameworks */,
				D09AC96F2918DE8B0081C0EC /* Resources */,
				8B544ED5B908EBC26BB38D27 /* [CP] Embed Pods Frameworks */,
			);
			buildRules = (
			);
			dependencies = (
			);
			name = ItsME;
			productName = "It'sME";
			productReference = D09AC9712918DE8B0081C0EC /* ItsME.app */;
			productType = "com.apple.product-type.application";
		};
		D09AC9862918DE8C0081C0EC /* ItsMETests */ = {
			isa = PBXNativeTarget;
			buildConfigurationList = D09AC99E2918DE8C0081C0EC /* Build configuration list for PBXNativeTarget "ItsMETests" */;
			buildPhases = (
				3C907694B526ECF986D89098 /* [CP] Check Pods Manifest.lock */,
				D09AC9832918DE8C0081C0EC /* Sources */,
				D09AC9842918DE8C0081C0EC /* Frameworks */,
				D09AC9852918DE8C0081C0EC /* Resources */,
			);
			buildRules = (
			);
			dependencies = (
				D09AC9892918DE8C0081C0EC /* PBXTargetDependency */,
			);
			name = ItsMETests;
			productName = "It'sMETests";
			productReference = D09AC9872918DE8C0081C0EC /* ItsMETests.xctest */;
			productType = "com.apple.product-type.bundle.unit-test";
		};
		D09AC9902918DE8C0081C0EC /* ItsMEUITests */ = {
			isa = PBXNativeTarget;
			buildConfigurationList = D09AC9A12918DE8C0081C0EC /* Build configuration list for PBXNativeTarget "ItsMEUITests" */;
			buildPhases = (
				B18883A0230F3E8F47EEB4C1 /* [CP] Check Pods Manifest.lock */,
				D09AC98D2918DE8C0081C0EC /* Sources */,
				D09AC98E2918DE8C0081C0EC /* Frameworks */,
				D09AC98F2918DE8C0081C0EC /* Resources */,
				B3D902301DA432E3B799FA60 /* [CP] Embed Pods Frameworks */,
			);
			buildRules = (
			);
			dependencies = (
				D09AC9932918DE8C0081C0EC /* PBXTargetDependency */,
			);
			name = ItsMEUITests;
			productName = "It'sMEUITests";
			productReference = D09AC9912918DE8C0081C0EC /* ItsMEUITests.xctest */;
			productType = "com.apple.product-type.bundle.ui-testing";
		};
/* End PBXNativeTarget section */

/* Begin PBXProject section */
		D09AC9692918DE8B0081C0EC /* Project object */ = {
			isa = PBXProject;
			attributes = {
				BuildIndependentTargetsInParallel = 1;
				LastSwiftUpdateCheck = 1400;
				LastUpgradeCheck = 1400;
				TargetAttributes = {
					D09AC9702918DE8B0081C0EC = {
						CreatedOnToolsVersion = 14.0.1;
					};
					D09AC9862918DE8C0081C0EC = {
						CreatedOnToolsVersion = 14.0.1;
						TestTargetID = D09AC9702918DE8B0081C0EC;
					};
					D09AC9902918DE8C0081C0EC = {
						CreatedOnToolsVersion = 14.0.1;
						TestTargetID = D09AC9702918DE8B0081C0EC;
					};
				};
			};
			buildConfigurationList = D09AC96C2918DE8B0081C0EC /* Build configuration list for PBXProject "ItsME" */;
			compatibilityVersion = "Xcode 14.0";
			developmentRegion = en;
			hasScannedForEncodings = 0;
			knownRegions = (
				en,
				Base,
			);
			mainGroup = D09AC9682918DE8B0081C0EC;
			productRefGroup = D09AC9722918DE8B0081C0EC /* Products */;
			projectDirPath = "";
			projectRoot = "";
			targets = (
				D09AC9702918DE8B0081C0EC /* ItsME */,
				D09AC9862918DE8C0081C0EC /* ItsMETests */,
				D09AC9902918DE8C0081C0EC /* ItsMEUITests */,
			);
		};
/* End PBXProject section */

/* Begin PBXResourcesBuildPhase section */
		D09AC96F2918DE8B0081C0EC /* Resources */ = {
			isa = PBXResourcesBuildPhase;
			buildActionMask = 2147483647;
			files = (
				D09AC9812918DE8C0081C0EC /* LaunchScreen.storyboard in Resources */,
				D09AC97E2918DE8C0081C0EC /* Assets.xcassets in Resources */,
			);
			runOnlyForDeploymentPostprocessing = 0;
		};
		D09AC9852918DE8C0081C0EC /* Resources */ = {
			isa = PBXResourcesBuildPhase;
			buildActionMask = 2147483647;
			files = (
			);
			runOnlyForDeploymentPostprocessing = 0;
		};
		D09AC98F2918DE8C0081C0EC /* Resources */ = {
			isa = PBXResourcesBuildPhase;
			buildActionMask = 2147483647;
			files = (
			);
			runOnlyForDeploymentPostprocessing = 0;
		};
/* End PBXResourcesBuildPhase section */

/* Begin PBXShellScriptBuildPhase section */
		3C907694B526ECF986D89098 /* [CP] Check Pods Manifest.lock */ = {
			isa = PBXShellScriptBuildPhase;
			buildActionMask = 2147483647;
			files = (
			);
			inputFileListPaths = (
			);
			inputPaths = (
				"${PODS_PODFILE_DIR_PATH}/Podfile.lock",
				"${PODS_ROOT}/Manifest.lock",
			);
			name = "[CP] Check Pods Manifest.lock";
			outputFileListPaths = (
			);
			outputPaths = (
				"$(DERIVED_FILE_DIR)/Pods-ItsMETests-checkManifestLockResult.txt",
			);
			runOnlyForDeploymentPostprocessing = 0;
			shellPath = /bin/sh;
			shellScript = "diff \"${PODS_PODFILE_DIR_PATH}/Podfile.lock\" \"${PODS_ROOT}/Manifest.lock\" > /dev/null\nif [ $? != 0 ] ; then\n    # print error to STDERR\n    echo \"error: The sandbox is not in sync with the Podfile.lock. Run 'pod install' or update your CocoaPods installation.\" >&2\n    exit 1\nfi\n# This output is used by Xcode 'outputs' to avoid re-running this script phase.\necho \"SUCCESS\" > \"${SCRIPT_OUTPUT_FILE_0}\"\n";
			showEnvVarsInLog = 0;
		};
		8B544ED5B908EBC26BB38D27 /* [CP] Embed Pods Frameworks */ = {
			isa = PBXShellScriptBuildPhase;
			buildActionMask = 2147483647;
			files = (
			);
			inputFileListPaths = (
				"${PODS_ROOT}/Target Support Files/Pods-ItsME/Pods-ItsME-frameworks-${CONFIGURATION}-input-files.xcfilelist",
			);
			name = "[CP] Embed Pods Frameworks";
			outputFileListPaths = (
				"${PODS_ROOT}/Target Support Files/Pods-ItsME/Pods-ItsME-frameworks-${CONFIGURATION}-output-files.xcfilelist",
			);
			runOnlyForDeploymentPostprocessing = 0;
			shellPath = /bin/sh;
			shellScript = "\"${PODS_ROOT}/Target Support Files/Pods-ItsME/Pods-ItsME-frameworks.sh\"\n";
			showEnvVarsInLog = 0;
		};
		B18883A0230F3E8F47EEB4C1 /* [CP] Check Pods Manifest.lock */ = {
			isa = PBXShellScriptBuildPhase;
			buildActionMask = 2147483647;
			files = (
			);
			inputFileListPaths = (
			);
			inputPaths = (
				"${PODS_PODFILE_DIR_PATH}/Podfile.lock",
				"${PODS_ROOT}/Manifest.lock",
			);
			name = "[CP] Check Pods Manifest.lock";
			outputFileListPaths = (
			);
			outputPaths = (
				"$(DERIVED_FILE_DIR)/Pods-ItsME-ItsMEUITests-checkManifestLockResult.txt",
			);
			runOnlyForDeploymentPostprocessing = 0;
			shellPath = /bin/sh;
			shellScript = "diff \"${PODS_PODFILE_DIR_PATH}/Podfile.lock\" \"${PODS_ROOT}/Manifest.lock\" > /dev/null\nif [ $? != 0 ] ; then\n    # print error to STDERR\n    echo \"error: The sandbox is not in sync with the Podfile.lock. Run 'pod install' or update your CocoaPods installation.\" >&2\n    exit 1\nfi\n# This output is used by Xcode 'outputs' to avoid re-running this script phase.\necho \"SUCCESS\" > \"${SCRIPT_OUTPUT_FILE_0}\"\n";
			showEnvVarsInLog = 0;
		};
		B3D902301DA432E3B799FA60 /* [CP] Embed Pods Frameworks */ = {
			isa = PBXShellScriptBuildPhase;
			buildActionMask = 2147483647;
			files = (
			);
			inputFileListPaths = (
				"${PODS_ROOT}/Target Support Files/Pods-ItsME-ItsMEUITests/Pods-ItsME-ItsMEUITests-frameworks-${CONFIGURATION}-input-files.xcfilelist",
			);
			name = "[CP] Embed Pods Frameworks";
			outputFileListPaths = (
				"${PODS_ROOT}/Target Support Files/Pods-ItsME-ItsMEUITests/Pods-ItsME-ItsMEUITests-frameworks-${CONFIGURATION}-output-files.xcfilelist",
			);
			runOnlyForDeploymentPostprocessing = 0;
			shellPath = /bin/sh;
			shellScript = "\"${PODS_ROOT}/Target Support Files/Pods-ItsME-ItsMEUITests/Pods-ItsME-ItsMEUITests-frameworks.sh\"\n";
			showEnvVarsInLog = 0;
		};
		B7F44F658D1E386BB5A791A8 /* [CP] Check Pods Manifest.lock */ = {
			isa = PBXShellScriptBuildPhase;
			buildActionMask = 2147483647;
			files = (
			);
			inputFileListPaths = (
			);
			inputPaths = (
				"${PODS_PODFILE_DIR_PATH}/Podfile.lock",
				"${PODS_ROOT}/Manifest.lock",
			);
			name = "[CP] Check Pods Manifest.lock";
			outputFileListPaths = (
			);
			outputPaths = (
				"$(DERIVED_FILE_DIR)/Pods-ItsME-checkManifestLockResult.txt",
			);
			runOnlyForDeploymentPostprocessing = 0;
			shellPath = /bin/sh;
			shellScript = "diff \"${PODS_PODFILE_DIR_PATH}/Podfile.lock\" \"${PODS_ROOT}/Manifest.lock\" > /dev/null\nif [ $? != 0 ] ; then\n    # print error to STDERR\n    echo \"error: The sandbox is not in sync with the Podfile.lock. Run 'pod install' or update your CocoaPods installation.\" >&2\n    exit 1\nfi\n# This output is used by Xcode 'outputs' to avoid re-running this script phase.\necho \"SUCCESS\" > \"${SCRIPT_OUTPUT_FILE_0}\"\n";
			showEnvVarsInLog = 0;
		};
/* End PBXShellScriptBuildPhase section */

/* Begin PBXSourcesBuildPhase section */
		D09AC96D2918DE8B0081C0EC /* Sources */ = {
			isa = PBXSourcesBuildPhase;
			buildActionMask = 2147483647;
			files = (
				DAAFB2532918EE5A007A8DF0 /* UserInfo.swift in Sources */,
				D09AC9792918DE8B0081C0EC /* HomeViewController.swift in Sources */,
				DAB06A40291BA61100E86163 /* ViewModelType.swift in Sources */,
				D09AC9752918DE8B0081C0EC /* AppDelegate.swift in Sources */,
				DAB06A3D291BA5B400E86163 /* HomeViewModel.swift in Sources */,
				D09AC9772918DE8B0081C0EC /* SceneDelegate.swift in Sources */,
			);
			runOnlyForDeploymentPostprocessing = 0;
		};
		D09AC9832918DE8C0081C0EC /* Sources */ = {
			isa = PBXSourcesBuildPhase;
			buildActionMask = 2147483647;
			files = (
				D09AC98C2918DE8C0081C0EC /* It_sMETests.swift in Sources */,
			);
			runOnlyForDeploymentPostprocessing = 0;
		};
		D09AC98D2918DE8C0081C0EC /* Sources */ = {
			isa = PBXSourcesBuildPhase;
			buildActionMask = 2147483647;
			files = (
				D09AC9962918DE8C0081C0EC /* It_sMEUITests.swift in Sources */,
				D09AC9982918DE8C0081C0EC /* It_sMEUITestsLaunchTests.swift in Sources */,
			);
			runOnlyForDeploymentPostprocessing = 0;
		};
/* End PBXSourcesBuildPhase section */

/* Begin PBXTargetDependency section */
		D09AC9892918DE8C0081C0EC /* PBXTargetDependency */ = {
			isa = PBXTargetDependency;
			target = D09AC9702918DE8B0081C0EC /* ItsME */;
			targetProxy = D09AC9882918DE8C0081C0EC /* PBXContainerItemProxy */;
		};
		D09AC9932918DE8C0081C0EC /* PBXTargetDependency */ = {
			isa = PBXTargetDependency;
			target = D09AC9702918DE8B0081C0EC /* ItsME */;
			targetProxy = D09AC9922918DE8C0081C0EC /* PBXContainerItemProxy */;
		};
/* End PBXTargetDependency section */

/* Begin PBXVariantGroup section */
		D09AC97F2918DE8C0081C0EC /* LaunchScreen.storyboard */ = {
			isa = PBXVariantGroup;
			children = (
				D09AC9802918DE8C0081C0EC /* Base */,
			);
			name = LaunchScreen.storyboard;
			sourceTree = "<group>";
		};
/* End PBXVariantGroup section */

/* Begin XCBuildConfiguration section */
		D09AC9992918DE8C0081C0EC /* Debug */ = {
			isa = XCBuildConfiguration;
			buildSettings = {
				ALWAYS_SEARCH_USER_PATHS = NO;
				CLANG_ANALYZER_NONNULL = YES;
				CLANG_ANALYZER_NUMBER_OBJECT_CONVERSION = YES_AGGRESSIVE;
				CLANG_CXX_LANGUAGE_STANDARD = "gnu++20";
				CLANG_ENABLE_MODULES = YES;
				CLANG_ENABLE_OBJC_ARC = YES;
				CLANG_ENABLE_OBJC_WEAK = YES;
				CLANG_WARN_BLOCK_CAPTURE_AUTORELEASING = YES;
				CLANG_WARN_BOOL_CONVERSION = YES;
				CLANG_WARN_COMMA = YES;
				CLANG_WARN_CONSTANT_CONVERSION = YES;
				CLANG_WARN_DEPRECATED_OBJC_IMPLEMENTATIONS = YES;
				CLANG_WARN_DIRECT_OBJC_ISA_USAGE = YES_ERROR;
				CLANG_WARN_DOCUMENTATION_COMMENTS = YES;
				CLANG_WARN_EMPTY_BODY = YES;
				CLANG_WARN_ENUM_CONVERSION = YES;
				CLANG_WARN_INFINITE_RECURSION = YES;
				CLANG_WARN_INT_CONVERSION = YES;
				CLANG_WARN_NON_LITERAL_NULL_CONVERSION = YES;
				CLANG_WARN_OBJC_IMPLICIT_RETAIN_SELF = YES;
				CLANG_WARN_OBJC_LITERAL_CONVERSION = YES;
				CLANG_WARN_OBJC_ROOT_CLASS = YES_ERROR;
				CLANG_WARN_QUOTED_INCLUDE_IN_FRAMEWORK_HEADER = YES;
				CLANG_WARN_RANGE_LOOP_ANALYSIS = YES;
				CLANG_WARN_STRICT_PROTOTYPES = YES;
				CLANG_WARN_SUSPICIOUS_MOVE = YES;
				CLANG_WARN_UNGUARDED_AVAILABILITY = YES_AGGRESSIVE;
				CLANG_WARN_UNREACHABLE_CODE = YES;
				CLANG_WARN__DUPLICATE_METHOD_MATCH = YES;
				COPY_PHASE_STRIP = NO;
				DEBUG_INFORMATION_FORMAT = dwarf;
				ENABLE_STRICT_OBJC_MSGSEND = YES;
				ENABLE_TESTABILITY = YES;
				GCC_C_LANGUAGE_STANDARD = gnu11;
				GCC_DYNAMIC_NO_PIC = NO;
				GCC_NO_COMMON_BLOCKS = YES;
				GCC_OPTIMIZATION_LEVEL = 0;
				GCC_PREPROCESSOR_DEFINITIONS = (
					"DEBUG=1",
					"$(inherited)",
				);
				GCC_WARN_64_TO_32_BIT_CONVERSION = YES;
				GCC_WARN_ABOUT_RETURN_TYPE = YES_ERROR;
				GCC_WARN_UNDECLARED_SELECTOR = YES;
				GCC_WARN_UNINITIALIZED_AUTOS = YES_AGGRESSIVE;
				GCC_WARN_UNUSED_FUNCTION = YES;
				GCC_WARN_UNUSED_VARIABLE = YES;
				IPHONEOS_DEPLOYMENT_TARGET = 15.0;
				MTL_ENABLE_DEBUG_INFO = INCLUDE_SOURCE;
				MTL_FAST_MATH = YES;
				ONLY_ACTIVE_ARCH = YES;
				SDKROOT = iphoneos;
				SWIFT_ACTIVE_COMPILATION_CONDITIONS = DEBUG;
				SWIFT_OPTIMIZATION_LEVEL = "-Onone";
			};
			name = Debug;
		};
		D09AC99A2918DE8C0081C0EC /* Release */ = {
			isa = XCBuildConfiguration;
			buildSettings = {
				ALWAYS_SEARCH_USER_PATHS = NO;
				CLANG_ANALYZER_NONNULL = YES;
				CLANG_ANALYZER_NUMBER_OBJECT_CONVERSION = YES_AGGRESSIVE;
				CLANG_CXX_LANGUAGE_STANDARD = "gnu++20";
				CLANG_ENABLE_MODULES = YES;
				CLANG_ENABLE_OBJC_ARC = YES;
				CLANG_ENABLE_OBJC_WEAK = YES;
				CLANG_WARN_BLOCK_CAPTURE_AUTORELEASING = YES;
				CLANG_WARN_BOOL_CONVERSION = YES;
				CLANG_WARN_COMMA = YES;
				CLANG_WARN_CONSTANT_CONVERSION = YES;
				CLANG_WARN_DEPRECATED_OBJC_IMPLEMENTATIONS = YES;
				CLANG_WARN_DIRECT_OBJC_ISA_USAGE = YES_ERROR;
				CLANG_WARN_DOCUMENTATION_COMMENTS = YES;
				CLANG_WARN_EMPTY_BODY = YES;
				CLANG_WARN_ENUM_CONVERSION = YES;
				CLANG_WARN_INFINITE_RECURSION = YES;
				CLANG_WARN_INT_CONVERSION = YES;
				CLANG_WARN_NON_LITERAL_NULL_CONVERSION = YES;
				CLANG_WARN_OBJC_IMPLICIT_RETAIN_SELF = YES;
				CLANG_WARN_OBJC_LITERAL_CONVERSION = YES;
				CLANG_WARN_OBJC_ROOT_CLASS = YES_ERROR;
				CLANG_WARN_QUOTED_INCLUDE_IN_FRAMEWORK_HEADER = YES;
				CLANG_WARN_RANGE_LOOP_ANALYSIS = YES;
				CLANG_WARN_STRICT_PROTOTYPES = YES;
				CLANG_WARN_SUSPICIOUS_MOVE = YES;
				CLANG_WARN_UNGUARDED_AVAILABILITY = YES_AGGRESSIVE;
				CLANG_WARN_UNREACHABLE_CODE = YES;
				CLANG_WARN__DUPLICATE_METHOD_MATCH = YES;
				COPY_PHASE_STRIP = NO;
				DEBUG_INFORMATION_FORMAT = "dwarf-with-dsym";
				ENABLE_NS_ASSERTIONS = NO;
				ENABLE_STRICT_OBJC_MSGSEND = YES;
				GCC_C_LANGUAGE_STANDARD = gnu11;
				GCC_NO_COMMON_BLOCKS = YES;
				GCC_WARN_64_TO_32_BIT_CONVERSION = YES;
				GCC_WARN_ABOUT_RETURN_TYPE = YES_ERROR;
				GCC_WARN_UNDECLARED_SELECTOR = YES;
				GCC_WARN_UNINITIALIZED_AUTOS = YES_AGGRESSIVE;
				GCC_WARN_UNUSED_FUNCTION = YES;
				GCC_WARN_UNUSED_VARIABLE = YES;
				IPHONEOS_DEPLOYMENT_TARGET = 15.0;
				MTL_ENABLE_DEBUG_INFO = NO;
				MTL_FAST_MATH = YES;
				SDKROOT = iphoneos;
				SWIFT_COMPILATION_MODE = wholemodule;
				SWIFT_OPTIMIZATION_LEVEL = "-O";
				VALIDATE_PRODUCT = YES;
			};
			name = Release;
		};
		D09AC99C2918DE8C0081C0EC /* Debug */ = {
			isa = XCBuildConfiguration;
			baseConfigurationReference = 5FF2794B526FF37C53923D85 /* Pods-ItsME.debug.xcconfig */;
			buildSettings = {
				ASSETCATALOG_COMPILER_APPICON_NAME = AppIcon;
				ASSETCATALOG_COMPILER_GLOBAL_ACCENT_COLOR_NAME = AccentColor;
				CODE_SIGN_STYLE = Automatic;
				CURRENT_PROJECT_VERSION = 1;
				DEVELOPMENT_TEAM = 585F6TK5A8;
				GENERATE_INFOPLIST_FILE = YES;
				INFOPLIST_FILE = ItsME/Resources/Info.plist;
				INFOPLIST_KEY_UIApplicationSupportsIndirectInputEvents = YES;
				INFOPLIST_KEY_UILaunchStoryboardName = LaunchScreen;
				INFOPLIST_KEY_UIMainStoryboardFile = "";
				INFOPLIST_KEY_UISupportedInterfaceOrientations = UIInterfaceOrientationPortrait;
				INFOPLIST_KEY_UISupportedInterfaceOrientations_iPad = "UIInterfaceOrientationLandscapeLeft UIInterfaceOrientationLandscapeRight UIInterfaceOrientationPortrait UIInterfaceOrientationPortraitUpsideDown";
				LD_RUNPATH_SEARCH_PATHS = (
					"$(inherited)",
					"@executable_path/Frameworks",
				);
				MARKETING_VERSION = 1.0;
				PRODUCT_BUNDLE_IDENTIFIER = "com.ILGOB.It-sME";
				PRODUCT_NAME = "$(TARGET_NAME)";
				SUPPORTED_PLATFORMS = "iphoneos iphonesimulator";
				SUPPORTS_MACCATALYST = NO;
				SUPPORTS_MAC_DESIGNED_FOR_IPHONE_IPAD = NO;
				SWIFT_EMIT_LOC_STRINGS = YES;
				SWIFT_VERSION = 5.0;
				TARGETED_DEVICE_FAMILY = 1;
			};
			name = Debug;
		};
		D09AC99D2918DE8C0081C0EC /* Release */ = {
			isa = XCBuildConfiguration;
			baseConfigurationReference = 62CEDC6541F90589131538C7 /* Pods-ItsME.release.xcconfig */;
			buildSettings = {
				ASSETCATALOG_COMPILER_APPICON_NAME = AppIcon;
				ASSETCATALOG_COMPILER_GLOBAL_ACCENT_COLOR_NAME = AccentColor;
				CODE_SIGN_STYLE = Automatic;
				CURRENT_PROJECT_VERSION = 1;
				DEVELOPMENT_TEAM = 585F6TK5A8;
				GENERATE_INFOPLIST_FILE = YES;
				INFOPLIST_FILE = ItsME/Resources/Info.plist;
				INFOPLIST_KEY_UIApplicationSupportsIndirectInputEvents = YES;
				INFOPLIST_KEY_UILaunchStoryboardName = LaunchScreen;
				INFOPLIST_KEY_UIMainStoryboardFile = "";
				INFOPLIST_KEY_UISupportedInterfaceOrientations = UIInterfaceOrientationPortrait;
				INFOPLIST_KEY_UISupportedInterfaceOrientations_iPad = "UIInterfaceOrientationLandscapeLeft UIInterfaceOrientationLandscapeRight UIInterfaceOrientationPortrait UIInterfaceOrientationPortraitUpsideDown";
				LD_RUNPATH_SEARCH_PATHS = (
					"$(inherited)",
					"@executable_path/Frameworks",
				);
				MARKETING_VERSION = 1.0;
				PRODUCT_BUNDLE_IDENTIFIER = "com.ILGOB.It-sME";
				PRODUCT_NAME = "$(TARGET_NAME)";
				SUPPORTED_PLATFORMS = "iphoneos iphonesimulator";
				SUPPORTS_MACCATALYST = NO;
				SUPPORTS_MAC_DESIGNED_FOR_IPHONE_IPAD = NO;
				SWIFT_EMIT_LOC_STRINGS = YES;
				SWIFT_VERSION = 5.0;
				TARGETED_DEVICE_FAMILY = 1;
			};
			name = Release;
		};
		D09AC99F2918DE8C0081C0EC /* Debug */ = {
			isa = XCBuildConfiguration;
			baseConfigurationReference = 81657DFF702F5D180BCDB86B /* Pods-ItsMETests.debug.xcconfig */;
			buildSettings = {
				ALWAYS_EMBED_SWIFT_STANDARD_LIBRARIES = YES;
				BUNDLE_LOADER = "$(TEST_HOST)";
				CODE_SIGN_STYLE = Automatic;
				CURRENT_PROJECT_VERSION = 1;
				DEVELOPMENT_TEAM = 585F6TK5A8;
				GENERATE_INFOPLIST_FILE = YES;
				IPHONEOS_DEPLOYMENT_TARGET = 16.0;
				MARKETING_VERSION = 1.0;
				PRODUCT_BUNDLE_IDENTIFIER = "com.ILGOB.It-sMETests";
				PRODUCT_NAME = "$(TARGET_NAME)";
				SWIFT_EMIT_LOC_STRINGS = NO;
				SWIFT_VERSION = 5.0;
				TARGETED_DEVICE_FAMILY = "1,2";
				TEST_HOST = "$(BUILT_PRODUCTS_DIR)/ItsME.app/$(BUNDLE_EXECUTABLE_FOLDER_PATH)/ItsME";
			};
			name = Debug;
		};
		D09AC9A02918DE8C0081C0EC /* Release */ = {
			isa = XCBuildConfiguration;
			baseConfigurationReference = A2659E402408F957C85A0D5B /* Pods-ItsMETests.release.xcconfig */;
			buildSettings = {
				ALWAYS_EMBED_SWIFT_STANDARD_LIBRARIES = YES;
				BUNDLE_LOADER = "$(TEST_HOST)";
				CODE_SIGN_STYLE = Automatic;
				CURRENT_PROJECT_VERSION = 1;
				DEVELOPMENT_TEAM = 585F6TK5A8;
				GENERATE_INFOPLIST_FILE = YES;
				IPHONEOS_DEPLOYMENT_TARGET = 16.0;
				MARKETING_VERSION = 1.0;
				PRODUCT_BUNDLE_IDENTIFIER = "com.ILGOB.It-sMETests";
				PRODUCT_NAME = "$(TARGET_NAME)";
				SWIFT_EMIT_LOC_STRINGS = NO;
				SWIFT_VERSION = 5.0;
				TARGETED_DEVICE_FAMILY = "1,2";
				TEST_HOST = "$(BUILT_PRODUCTS_DIR)/ItsME.app/$(BUNDLE_EXECUTABLE_FOLDER_PATH)/ItsME";
			};
			name = Release;
		};
		D09AC9A22918DE8C0081C0EC /* Debug */ = {
			isa = XCBuildConfiguration;
			baseConfigurationReference = 8B3EB68FEFE206B66839B7F7 /* Pods-ItsME-ItsMEUITests.debug.xcconfig */;
			buildSettings = {
				ALWAYS_EMBED_SWIFT_STANDARD_LIBRARIES = YES;
				CODE_SIGN_STYLE = Automatic;
				CURRENT_PROJECT_VERSION = 1;
				DEVELOPMENT_TEAM = 585F6TK5A8;
				GENERATE_INFOPLIST_FILE = YES;
				MARKETING_VERSION = 1.0;
				PRODUCT_BUNDLE_IDENTIFIER = "com.ILGOB.It-sMEUITests";
				PRODUCT_NAME = "$(TARGET_NAME)";
				SWIFT_EMIT_LOC_STRINGS = NO;
				SWIFT_VERSION = 5.0;
				TARGETED_DEVICE_FAMILY = "1,2";
				TEST_TARGET_NAME = "It'sME";
			};
			name = Debug;
		};
		D09AC9A32918DE8C0081C0EC /* Release */ = {
			isa = XCBuildConfiguration;
			baseConfigurationReference = CEDD5EA30A26348FCEB22EC2 /* Pods-ItsME-ItsMEUITests.release.xcconfig */;
			buildSettings = {
				ALWAYS_EMBED_SWIFT_STANDARD_LIBRARIES = YES;
				CODE_SIGN_STYLE = Automatic;
				CURRENT_PROJECT_VERSION = 1;
				DEVELOPMENT_TEAM = 585F6TK5A8;
				GENERATE_INFOPLIST_FILE = YES;
				MARKETING_VERSION = 1.0;
				PRODUCT_BUNDLE_IDENTIFIER = "com.ILGOB.It-sMEUITests";
				PRODUCT_NAME = "$(TARGET_NAME)";
				SWIFT_EMIT_LOC_STRINGS = NO;
				SWIFT_VERSION = 5.0;
				TARGETED_DEVICE_FAMILY = "1,2";
				TEST_TARGET_NAME = "It'sME";
			};
			name = Release;
		};
/* End XCBuildConfiguration section */

/* Begin XCConfigurationList section */
		D09AC96C2918DE8B0081C0EC /* Build configuration list for PBXProject "ItsME" */ = {
			isa = XCConfigurationList;
			buildConfigurations = (
				D09AC9992918DE8C0081C0EC /* Debug */,
				D09AC99A2918DE8C0081C0EC /* Release */,
			);
			defaultConfigurationIsVisible = 0;
			defaultConfigurationName = Release;
		};
		D09AC99B2918DE8C0081C0EC /* Build configuration list for PBXNativeTarget "ItsME" */ = {
			isa = XCConfigurationList;
			buildConfigurations = (
				D09AC99C2918DE8C0081C0EC /* Debug */,
				D09AC99D2918DE8C0081C0EC /* Release */,
			);
			defaultConfigurationIsVisible = 0;
			defaultConfigurationName = Release;
		};
		D09AC99E2918DE8C0081C0EC /* Build configuration list for PBXNativeTarget "ItsMETests" */ = {
			isa = XCConfigurationList;
			buildConfigurations = (
				D09AC99F2918DE8C0081C0EC /* Debug */,
				D09AC9A02918DE8C0081C0EC /* Release */,
			);
			defaultConfigurationIsVisible = 0;
			defaultConfigurationName = Release;
		};
		D09AC9A12918DE8C0081C0EC /* Build configuration list for PBXNativeTarget "ItsMEUITests" */ = {
			isa = XCConfigurationList;
			buildConfigurations = (
				D09AC9A22918DE8C0081C0EC /* Debug */,
				D09AC9A32918DE8C0081C0EC /* Release */,
			);
			defaultConfigurationIsVisible = 0;
			defaultConfigurationName = Release;
		};
/* End XCConfigurationList section */
	};
	rootObject = D09AC9692918DE8B0081C0EC /* Project object */;
}
