// !$*UTF8*$!
{
	archiveVersion = 1;
	classes = {
	};
	objectVersion = 56;
	objects = {

/* Begin PBXBuildFile section */
		9315A62380DF38908255FB71 /* Pods_ItsMETests.framework in Frameworks */ = {isa = PBXBuildFile; fileRef = A597CDB8CB361A59587B5752 /* Pods_ItsMETests.framework */; };
		AC42542627FA2A4653D6FF36 /* Pods_ItsME.framework in Frameworks */ = {isa = PBXBuildFile; fileRef = 7BE9EDE36F8EDEAEEDD30931 /* Pods_ItsME.framework */; };
		D0472F07296406BC00E83F61 /* TotalCVViewController.swift in Sources */ = {isa = PBXBuildFile; fileRef = D0472F06296406BC00E83F61 /* TotalCVViewController.swift */; };
		D0472F09296406CF00E83F61 /* TotalCVViewModel.swift in Sources */ = {isa = PBXBuildFile; fileRef = D0472F08296406CF00E83F61 /* TotalCVViewModel.swift */; };
		D04FAF95299CB3F60049DBAA /* CoverLetterCell.swift in Sources */ = {isa = PBXBuildFile; fileRef = D04FAF94299CB3F60049DBAA /* CoverLetterCell.swift */; };
		D04FAF98299CB6690049DBAA /* CoverLetterHeaderView.swift in Sources */ = {isa = PBXBuildFile; fileRef = D04FAF97299CB6690049DBAA /* CoverLetterHeaderView.swift */; };
		D06CD86B29936BBC005DFB3B /* CategoryHeaderView.swift in Sources */ = {isa = PBXBuildFile; fileRef = D06CD86A29936BBC005DFB3B /* CategoryHeaderView.swift */; };
		D09AC9752918DE8B0081C0EC /* AppDelegate.swift in Sources */ = {isa = PBXBuildFile; fileRef = D09AC9742918DE8B0081C0EC /* AppDelegate.swift */; };
		D09AC9772918DE8B0081C0EC /* SceneDelegate.swift in Sources */ = {isa = PBXBuildFile; fileRef = D09AC9762918DE8B0081C0EC /* SceneDelegate.swift */; };
		D09AC9792918DE8B0081C0EC /* HomeViewController.swift in Sources */ = {isa = PBXBuildFile; fileRef = D09AC9782918DE8B0081C0EC /* HomeViewController.swift */; };
		D09AC97E2918DE8C0081C0EC /* Assets.xcassets in Resources */ = {isa = PBXBuildFile; fileRef = D09AC97D2918DE8C0081C0EC /* Assets.xcassets */; };
		D09AC9812918DE8C0081C0EC /* LaunchScreen.storyboard in Resources */ = {isa = PBXBuildFile; fileRef = D09AC97F2918DE8C0081C0EC /* LaunchScreen.storyboard */; };
		D09AC98C2918DE8C0081C0EC /* ItsMETests.swift in Sources */ = {isa = PBXBuildFile; fileRef = D09AC98B2918DE8C0081C0EC /* ItsMETests.swift */; };
		D09AC9982918DE8C0081C0EC /* ItsMEUITestsLaunchTests.swift in Sources */ = {isa = PBXBuildFile; fileRef = D09AC9972918DE8C0081C0EC /* ItsMEUITestsLaunchTests.swift */; };
		D0B1BA862988DA75003ACD41 /* CategoryCell.swift in Sources */ = {isa = PBXBuildFile; fileRef = D0B1BA852988DA75003ACD41 /* CategoryCell.swift */; };
		D0CCF4E12925FB0100AD4AE6 /* UIView+.swift in Sources */ = {isa = PBXBuildFile; fileRef = D0CCF4E02925FB0100AD4AE6 /* UIView+.swift */; };
		D0CCF4E3292604BE00AD4AE6 /* UIColor+.swift in Sources */ = {isa = PBXBuildFile; fileRef = D0CCF4E2292604BE00AD4AE6 /* UIColor+.swift */; };
		D0CCF4E629260C2B00AD4AE6 /* ProfileInfoComponent.swift in Sources */ = {isa = PBXBuildFile; fileRef = D0CCF4E529260C2B00AD4AE6 /* ProfileInfoComponent.swift */; };
		D0CCF4E829260ED200AD4AE6 /* UserInfoItem.swift in Sources */ = {isa = PBXBuildFile; fileRef = D0CCF4E729260ED200AD4AE6 /* UserInfoItem.swift */; };
		D0CCF4EB292A690600AD4AE6 /* GoogleService-Info.plist in Resources */ = {isa = PBXBuildFile; fileRef = D0CCF4EA292A690600AD4AE6 /* GoogleService-Info.plist */; };
		D0CCF504292CCB4C00AD4AE6 /* CVCard.swift in Sources */ = {isa = PBXBuildFile; fileRef = D0CCF503292CCB4C00AD4AE6 /* CVCard.swift */; };
		D116C8F4758A2D34A109B60E /* Pods_ItsME_ItsMEUITests.framework in Frameworks */ = {isa = PBXBuildFile; fileRef = 7F357FE4AA6629CA355222AC /* Pods_ItsME_ItsMEUITests.framework */; };
		DA018809296D146A002C5CB0 /* BirthdayEditingViewController.swift in Sources */ = {isa = PBXBuildFile; fileRef = DA018808296D146A002C5CB0 /* BirthdayEditingViewController.swift */; };
		DA01880B296D1471002C5CB0 /* AddressEditingViewController.swift in Sources */ = {isa = PBXBuildFile; fileRef = DA01880A296D1471002C5CB0 /* AddressEditingViewController.swift */; };
		DA01880D296D1477002C5CB0 /* PhoneNumberEditingViewController.swift in Sources */ = {isa = PBXBuildFile; fileRef = DA01880C296D1477002C5CB0 /* PhoneNumberEditingViewController.swift */; };
		DA01880F296D147D002C5CB0 /* EmailEditingViewController.swift in Sources */ = {isa = PBXBuildFile; fileRef = DA01880E296D147D002C5CB0 /* EmailEditingViewController.swift */; };
		DA018811296D1483002C5CB0 /* OtherItemEditingViewController.swift in Sources */ = {isa = PBXBuildFile; fileRef = DA018810296D1483002C5CB0 /* OtherItemEditingViewController.swift */; };
		DA0A88692921245000E9AE43 /* UserRepository.swift in Sources */ = {isa = PBXBuildFile; fileRef = DA0A88682921245000E9AE43 /* UserRepository.swift */; };
		DA26989C298A4709008A5D30 /* DefaultJsonDecoder.swift in Sources */ = {isa = PBXBuildFile; fileRef = DA26989B298A4709008A5D30 /* DefaultJsonDecoder.swift */; };
		DA481D78299E085700C8C734 /* IconInputViewModel.swift in Sources */ = {isa = PBXBuildFile; fileRef = DA481D77299E085700C8C734 /* IconInputViewModel.swift */; };
		DA6BCE5E292F04910059E95D /* DatabaseReferenceManager.swift in Sources */ = {isa = PBXBuildFile; fileRef = DA6BCE5D292F04910059E95D /* DatabaseReferenceManager.swift */; };
		DA7201E7292F6A0600A69519 /* DatabaseReference+Rx.swift in Sources */ = {isa = PBXBuildFile; fileRef = DA7201E6292F6A0600A69519 /* DatabaseReference+Rx.swift */; };
		DA7201EA29309B2F00A69519 /* ASAuthorizationControllerDelegateProxy.swift in Sources */ = {isa = PBXBuildFile; fileRef = DA7201E929309B2F00A69519 /* ASAuthorizationControllerDelegateProxy.swift */; };
		DA7201EC29309B9600A69519 /* AuthenticationServices+Rx.swift in Sources */ = {isa = PBXBuildFile; fileRef = DA7201EB29309B9600A69519 /* AuthenticationServices+Rx.swift */; };
		DA7201EE2931E7BB00A69519 /* CVRepository.swift in Sources */ = {isa = PBXBuildFile; fileRef = DA7201ED2931E7BB00A69519 /* CVRepository.swift */; };
		DA7201F02931EEE600A69519 /* CVInfo.swift in Sources */ = {isa = PBXBuildFile; fileRef = DA7201EF2931EEE600A69519 /* CVInfo.swift */; };
		DA7201F22931F21100A69519 /* ResumeCategory.swift in Sources */ = {isa = PBXBuildFile; fileRef = DA7201F12931F21100A69519 /* ResumeCategory.swift */; };
		DA7201F42931F25500A69519 /* CoverLetterItem.swift in Sources */ = {isa = PBXBuildFile; fileRef = DA7201F32931F25500A69519 /* CoverLetterItem.swift */; };
		DA7201F62931F41100A69519 /* ResumeItem.swift in Sources */ = {isa = PBXBuildFile; fileRef = DA7201F52931F41100A69519 /* ResumeItem.swift */; };
		DA7201F82931F8EB00A69519 /* CoverLetter.swift in Sources */ = {isa = PBXBuildFile; fileRef = DA7201F72931F8EB00A69519 /* CoverLetter.swift */; };
		DA7201FA2931F90900A69519 /* Resume.swift in Sources */ = {isa = PBXBuildFile; fileRef = DA7201F92931F90900A69519 /* Resume.swift */; };
		DA739DDA292398BE003AEE4C /* LoginViewController.swift in Sources */ = {isa = PBXBuildFile; fileRef = DA739DD9292398BE003AEE4C /* LoginViewController.swift */; };
		DA739DDC292398C3003AEE4C /* LoginViewModel.swift in Sources */ = {isa = PBXBuildFile; fileRef = DA739DDB292398C3003AEE4C /* LoginViewModel.swift */; };
		DA739DE42924FE54003AEE4C /* CommonAlertViewController.swift in Sources */ = {isa = PBXBuildFile; fileRef = DA739DE32924FE54003AEE4C /* CommonAlertViewController.swift */; };
		DA739DE62925E35A003AEE4C /* ItsMEUITests.swift in Sources */ = {isa = PBXBuildFile; fileRef = D09AC9952918DE8C0081C0EC /* ItsMEUITests.swift */; };
		DAA5B9652938825A00BAB04E /* EditProfileViewController.swift in Sources */ = {isa = PBXBuildFile; fileRef = DAA5B9642938825A00BAB04E /* EditProfileViewController.swift */; };
		DAA5B9672938827200BAB04E /* EditProfileViewModel.swift in Sources */ = {isa = PBXBuildFile; fileRef = DAA5B9662938827200BAB04E /* EditProfileViewModel.swift */; };
		DAAB20BF299B682900D5338D /* UserInfoItemInputTableView.swift in Sources */ = {isa = PBXBuildFile; fileRef = DAAB20BE299B682900D5338D /* UserInfoItemInputTableView.swift */; };
		DAAB20C1299B6AEF00D5338D /* Reusable.swift in Sources */ = {isa = PBXBuildFile; fileRef = DAAB20C0299B6AEF00D5338D /* Reusable.swift */; };
		DAAB20C5299B7A1000D5338D /* IconInputCell.swift in Sources */ = {isa = PBXBuildFile; fileRef = DAAB20C4299B7A1000D5338D /* IconInputCell.swift */; };
		DAAB20C7299B7A5600D5338D /* ContentsInputCell.swift in Sources */ = {isa = PBXBuildFile; fileRef = DAAB20C6299B7A5600D5338D /* ContentsInputCell.swift */; };
		DAAC7A5C29715C0A0083A8E9 /* Rx+Ext.swift in Sources */ = {isa = PBXBuildFile; fileRef = DAAC7A5B29715C0A0083A8E9 /* Rx+Ext.swift */; };
		DAAF1BD7299A0E1100728376 /* NewOtherItemViewController.swift in Sources */ = {isa = PBXBuildFile; fileRef = DAAF1BD6299A0E1100728376 /* NewOtherItemViewController.swift */; };
		DAAF1BDC299A11F400728376 /* UserInfoItemInputView.swift in Sources */ = {isa = PBXBuildFile; fileRef = DAAF1BDB299A11F400728376 /* UserInfoItemInputView.swift */; };
		DAAF1BDF299A1E8100728376 /* Array+SafeIndex.swift in Sources */ = {isa = PBXBuildFile; fileRef = DAAF1BDE299A1E8100728376 /* Array+SafeIndex.swift */; };
		DAAFB2532918EE5A007A8DF0 /* UserInfo.swift in Sources */ = {isa = PBXBuildFile; fileRef = DAAFB2522918EE5A007A8DF0 /* UserInfo.swift */; };
		DAB06A3D291BA5B400E86163 /* HomeViewModel.swift in Sources */ = {isa = PBXBuildFile; fileRef = DAB06A3C291BA5B400E86163 /* HomeViewModel.swift */; };
		DAB06A40291BA61100E86163 /* ViewModelType.swift in Sources */ = {isa = PBXBuildFile; fileRef = DAB06A3F291BA61100E86163 /* ViewModelType.swift */; };
		DAE6090B2942095400481742 /* TotalUserInfoItemStackView.swift in Sources */ = {isa = PBXBuildFile; fileRef = DAE6090A2942095400481742 /* TotalUserInfoItemStackView.swift */; };
		DAE6090D29420D9900481742 /* ItemAddButton.swift in Sources */ = {isa = PBXBuildFile; fileRef = DAE6090C29420D9900481742 /* ItemAddButton.swift */; };
		DAFCFB63294A9CD0006B287A /* EducationItem.swift in Sources */ = {isa = PBXBuildFile; fileRef = DAFCFB62294A9CD0006B287A /* EducationItem.swift */; };
		DAFCFB67294AC00C006B287A /* UIStackView+.swift in Sources */ = {isa = PBXBuildFile; fileRef = DAFCFB66294AC00C006B287A /* UIStackView+.swift */; };
		DAFCFB6C294C3666006B287A /* EducationCell.swift in Sources */ = {isa = PBXBuildFile; fileRef = DAFCFB6B294C3666006B287A /* EducationCell.swift */; };
		DAFCFB6F2950693F006B287A /* IntrinsicHeightTableView.swift in Sources */ = {isa = PBXBuildFile; fileRef = DAFCFB6E2950693F006B287A /* IntrinsicHeightTableView.swift */; };
		DAFCFB7529543D3B006B287A /* UIButton+.swift in Sources */ = {isa = PBXBuildFile; fileRef = DAFCFB7429543D3B006B287A /* UIButton+.swift */; };
/* End PBXBuildFile section */

/* Begin PBXContainerItemProxy section */
		D09AC9882918DE8C0081C0EC /* PBXContainerItemProxy */ = {
			isa = PBXContainerItemProxy;
			containerPortal = D09AC9692918DE8B0081C0EC /* Project object */;
			proxyType = 1;
			remoteGlobalIDString = D09AC9702918DE8B0081C0EC;
			remoteInfo = "It'sME";
		};
		D09AC9922918DE8C0081C0EC /* PBXContainerItemProxy */ = {
			isa = PBXContainerItemProxy;
			containerPortal = D09AC9692918DE8B0081C0EC /* Project object */;
			proxyType = 1;
			remoteGlobalIDString = D09AC9702918DE8B0081C0EC;
			remoteInfo = "It'sME";
		};
/* End PBXContainerItemProxy section */

/* Begin PBXFileReference section */
		01A12FF797C646FA50F6146C /* Pods-ItsME.release.xcconfig */ = {isa = PBXFileReference; includeInIndex = 1; lastKnownFileType = text.xcconfig; name = "Pods-ItsME.release.xcconfig"; path = "Target Support Files/Pods-ItsME/Pods-ItsME.release.xcconfig"; sourceTree = "<group>"; };
		7BE9EDE36F8EDEAEEDD30931 /* Pods_ItsME.framework */ = {isa = PBXFileReference; explicitFileType = wrapper.framework; includeInIndex = 0; path = Pods_ItsME.framework; sourceTree = BUILT_PRODUCTS_DIR; };
		7F357FE4AA6629CA355222AC /* Pods_ItsME_ItsMEUITests.framework */ = {isa = PBXFileReference; explicitFileType = wrapper.framework; includeInIndex = 0; path = Pods_ItsME_ItsMEUITests.framework; sourceTree = BUILT_PRODUCTS_DIR; };
		7F7E41409A47DE18BA24F5CA /* Pods-ItsMETests.debug.xcconfig */ = {isa = PBXFileReference; includeInIndex = 1; lastKnownFileType = text.xcconfig; name = "Pods-ItsMETests.debug.xcconfig"; path = "Target Support Files/Pods-ItsMETests/Pods-ItsMETests.debug.xcconfig"; sourceTree = "<group>"; };
		A597CDB8CB361A59587B5752 /* Pods_ItsMETests.framework */ = {isa = PBXFileReference; explicitFileType = wrapper.framework; includeInIndex = 0; path = Pods_ItsMETests.framework; sourceTree = BUILT_PRODUCTS_DIR; };
		ABF30C2658F82877054831D3 /* Pods-ItsME-ItsMEUITests.release.xcconfig */ = {isa = PBXFileReference; includeInIndex = 1; lastKnownFileType = text.xcconfig; name = "Pods-ItsME-ItsMEUITests.release.xcconfig"; path = "Target Support Files/Pods-ItsME-ItsMEUITests/Pods-ItsME-ItsMEUITests.release.xcconfig"; sourceTree = "<group>"; };
		BA18955F4C7DE57B29078446 /* Pods-ItsMETests.release.xcconfig */ = {isa = PBXFileReference; includeInIndex = 1; lastKnownFileType = text.xcconfig; name = "Pods-ItsMETests.release.xcconfig"; path = "Target Support Files/Pods-ItsMETests/Pods-ItsMETests.release.xcconfig"; sourceTree = "<group>"; };
		C3E0CDB8E3A238AA97024E29 /* Pods-ItsME-ItsMEUITests.debug.xcconfig */ = {isa = PBXFileReference; includeInIndex = 1; lastKnownFileType = text.xcconfig; name = "Pods-ItsME-ItsMEUITests.debug.xcconfig"; path = "Target Support Files/Pods-ItsME-ItsMEUITests/Pods-ItsME-ItsMEUITests.debug.xcconfig"; sourceTree = "<group>"; };
		D0472F06296406BC00E83F61 /* TotalCVViewController.swift */ = {isa = PBXFileReference; lastKnownFileType = sourcecode.swift; path = TotalCVViewController.swift; sourceTree = "<group>"; };
		D0472F08296406CF00E83F61 /* TotalCVViewModel.swift */ = {isa = PBXFileReference; lastKnownFileType = sourcecode.swift; path = TotalCVViewModel.swift; sourceTree = "<group>"; };
		D04FAF94299CB3F60049DBAA /* CoverLetterCell.swift */ = {isa = PBXFileReference; lastKnownFileType = sourcecode.swift; path = CoverLetterCell.swift; sourceTree = "<group>"; };
		D04FAF97299CB6690049DBAA /* CoverLetterHeaderView.swift */ = {isa = PBXFileReference; lastKnownFileType = sourcecode.swift; path = CoverLetterHeaderView.swift; sourceTree = "<group>"; };
		D06CD86A29936BBC005DFB3B /* CategoryHeaderView.swift */ = {isa = PBXFileReference; lastKnownFileType = sourcecode.swift; path = CategoryHeaderView.swift; sourceTree = "<group>"; };
		D09AC9712918DE8B0081C0EC /* ItsME.app */ = {isa = PBXFileReference; explicitFileType = wrapper.application; includeInIndex = 0; path = ItsME.app; sourceTree = BUILT_PRODUCTS_DIR; };
		D09AC9742918DE8B0081C0EC /* AppDelegate.swift */ = {isa = PBXFileReference; lastKnownFileType = sourcecode.swift; path = AppDelegate.swift; sourceTree = "<group>"; };
		D09AC9762918DE8B0081C0EC /* SceneDelegate.swift */ = {isa = PBXFileReference; lastKnownFileType = sourcecode.swift; path = SceneDelegate.swift; sourceTree = "<group>"; };
		D09AC9782918DE8B0081C0EC /* HomeViewController.swift */ = {isa = PBXFileReference; lastKnownFileType = sourcecode.swift; path = HomeViewController.swift; sourceTree = "<group>"; };
		D09AC97D2918DE8C0081C0EC /* Assets.xcassets */ = {isa = PBXFileReference; lastKnownFileType = folder.assetcatalog; path = Assets.xcassets; sourceTree = "<group>"; };
		D09AC9802918DE8C0081C0EC /* Base */ = {isa = PBXFileReference; lastKnownFileType = file.storyboard; name = Base; path = Base.lproj/LaunchScreen.storyboard; sourceTree = "<group>"; };
		D09AC9822918DE8C0081C0EC /* Info.plist */ = {isa = PBXFileReference; lastKnownFileType = text.plist.xml; name = Info.plist; path = ItsME/Resources/Info.plist; sourceTree = SOURCE_ROOT; };
		D09AC9872918DE8C0081C0EC /* ItsMETests.xctest */ = {isa = PBXFileReference; explicitFileType = wrapper.cfbundle; includeInIndex = 0; path = ItsMETests.xctest; sourceTree = BUILT_PRODUCTS_DIR; };
		D09AC98B2918DE8C0081C0EC /* ItsMETests.swift */ = {isa = PBXFileReference; lastKnownFileType = sourcecode.swift; path = ItsMETests.swift; sourceTree = "<group>"; };
		D09AC9912918DE8C0081C0EC /* ItsMEUITests.xctest */ = {isa = PBXFileReference; explicitFileType = wrapper.cfbundle; includeInIndex = 0; path = ItsMEUITests.xctest; sourceTree = BUILT_PRODUCTS_DIR; };
		D09AC9952918DE8C0081C0EC /* ItsMEUITests.swift */ = {isa = PBXFileReference; lastKnownFileType = sourcecode.swift; path = ItsMEUITests.swift; sourceTree = "<group>"; };
		D09AC9972918DE8C0081C0EC /* ItsMEUITestsLaunchTests.swift */ = {isa = PBXFileReference; lastKnownFileType = sourcecode.swift; path = ItsMEUITestsLaunchTests.swift; sourceTree = "<group>"; };
		D0B1BA852988DA75003ACD41 /* CategoryCell.swift */ = {isa = PBXFileReference; lastKnownFileType = sourcecode.swift; path = CategoryCell.swift; sourceTree = "<group>"; };
		D0CCF4E02925FB0100AD4AE6 /* UIView+.swift */ = {isa = PBXFileReference; lastKnownFileType = sourcecode.swift; path = "UIView+.swift"; sourceTree = "<group>"; };
		D0CCF4E2292604BE00AD4AE6 /* UIColor+.swift */ = {isa = PBXFileReference; lastKnownFileType = sourcecode.swift; path = "UIColor+.swift"; sourceTree = "<group>"; };
		D0CCF4E529260C2B00AD4AE6 /* ProfileInfoComponent.swift */ = {isa = PBXFileReference; lastKnownFileType = sourcecode.swift; path = ProfileInfoComponent.swift; sourceTree = "<group>"; };
		D0CCF4E729260ED200AD4AE6 /* UserInfoItem.swift */ = {isa = PBXFileReference; lastKnownFileType = sourcecode.swift; path = UserInfoItem.swift; sourceTree = "<group>"; };
		D0CCF4EA292A690600AD4AE6 /* GoogleService-Info.plist */ = {isa = PBXFileReference; fileEncoding = 4; lastKnownFileType = text.plist.xml; path = "GoogleService-Info.plist"; sourceTree = "<group>"; };
		D0CCF503292CCB4C00AD4AE6 /* CVCard.swift */ = {isa = PBXFileReference; lastKnownFileType = sourcecode.swift; path = CVCard.swift; sourceTree = "<group>"; };
		DA018808296D146A002C5CB0 /* BirthdayEditingViewController.swift */ = {isa = PBXFileReference; lastKnownFileType = sourcecode.swift; path = BirthdayEditingViewController.swift; sourceTree = "<group>"; };
		DA01880A296D1471002C5CB0 /* AddressEditingViewController.swift */ = {isa = PBXFileReference; lastKnownFileType = sourcecode.swift; path = AddressEditingViewController.swift; sourceTree = "<group>"; };
		DA01880C296D1477002C5CB0 /* PhoneNumberEditingViewController.swift */ = {isa = PBXFileReference; lastKnownFileType = sourcecode.swift; path = PhoneNumberEditingViewController.swift; sourceTree = "<group>"; };
		DA01880E296D147D002C5CB0 /* EmailEditingViewController.swift */ = {isa = PBXFileReference; lastKnownFileType = sourcecode.swift; path = EmailEditingViewController.swift; sourceTree = "<group>"; };
		DA018810296D1483002C5CB0 /* OtherItemEditingViewController.swift */ = {isa = PBXFileReference; lastKnownFileType = sourcecode.swift; path = OtherItemEditingViewController.swift; sourceTree = "<group>"; };
		DA0A88682921245000E9AE43 /* UserRepository.swift */ = {isa = PBXFileReference; lastKnownFileType = sourcecode.swift; path = UserRepository.swift; sourceTree = "<group>"; };
		DA26989B298A4709008A5D30 /* DefaultJsonDecoder.swift */ = {isa = PBXFileReference; lastKnownFileType = sourcecode.swift; path = DefaultJsonDecoder.swift; sourceTree = "<group>"; };
		DA481D77299E085700C8C734 /* IconInputViewModel.swift */ = {isa = PBXFileReference; lastKnownFileType = sourcecode.swift; path = IconInputViewModel.swift; sourceTree = "<group>"; };
		DA6BCE5D292F04910059E95D /* DatabaseReferenceManager.swift */ = {isa = PBXFileReference; lastKnownFileType = sourcecode.swift; path = DatabaseReferenceManager.swift; sourceTree = "<group>"; };
		DA7201E6292F6A0600A69519 /* DatabaseReference+Rx.swift */ = {isa = PBXFileReference; lastKnownFileType = sourcecode.swift; path = "DatabaseReference+Rx.swift"; sourceTree = "<group>"; };
		DA7201E929309B2F00A69519 /* ASAuthorizationControllerDelegateProxy.swift */ = {isa = PBXFileReference; lastKnownFileType = sourcecode.swift; path = ASAuthorizationControllerDelegateProxy.swift; sourceTree = "<group>"; };
		DA7201EB29309B9600A69519 /* AuthenticationServices+Rx.swift */ = {isa = PBXFileReference; lastKnownFileType = sourcecode.swift; path = "AuthenticationServices+Rx.swift"; sourceTree = "<group>"; };
		DA7201ED2931E7BB00A69519 /* CVRepository.swift */ = {isa = PBXFileReference; lastKnownFileType = sourcecode.swift; path = CVRepository.swift; sourceTree = "<group>"; };
		DA7201EF2931EEE600A69519 /* CVInfo.swift */ = {isa = PBXFileReference; lastKnownFileType = sourcecode.swift; path = CVInfo.swift; sourceTree = "<group>"; };
		DA7201F12931F21100A69519 /* ResumeCategory.swift */ = {isa = PBXFileReference; lastKnownFileType = sourcecode.swift; path = ResumeCategory.swift; sourceTree = "<group>"; };
		DA7201F32931F25500A69519 /* CoverLetterItem.swift */ = {isa = PBXFileReference; lastKnownFileType = sourcecode.swift; path = CoverLetterItem.swift; sourceTree = "<group>"; };
		DA7201F52931F41100A69519 /* ResumeItem.swift */ = {isa = PBXFileReference; lastKnownFileType = sourcecode.swift; path = ResumeItem.swift; sourceTree = "<group>"; };
		DA7201F72931F8EB00A69519 /* CoverLetter.swift */ = {isa = PBXFileReference; lastKnownFileType = sourcecode.swift; path = CoverLetter.swift; sourceTree = "<group>"; };
		DA7201F92931F90900A69519 /* Resume.swift */ = {isa = PBXFileReference; lastKnownFileType = sourcecode.swift; path = Resume.swift; sourceTree = "<group>"; };
		DA739DD9292398BE003AEE4C /* LoginViewController.swift */ = {isa = PBXFileReference; lastKnownFileType = sourcecode.swift; path = LoginViewController.swift; sourceTree = "<group>"; };
		DA739DDB292398C3003AEE4C /* LoginViewModel.swift */ = {isa = PBXFileReference; lastKnownFileType = sourcecode.swift; path = LoginViewModel.swift; sourceTree = "<group>"; };
		DA739DDD2923B4D2003AEE4C /* ItsME.entitlements */ = {isa = PBXFileReference; lastKnownFileType = text.plist.entitlements; path = ItsME.entitlements; sourceTree = "<group>"; };
		DA739DE32924FE54003AEE4C /* CommonAlertViewController.swift */ = {isa = PBXFileReference; lastKnownFileType = sourcecode.swift; path = CommonAlertViewController.swift; sourceTree = "<group>"; };
		DAA5B9642938825A00BAB04E /* EditProfileViewController.swift */ = {isa = PBXFileReference; lastKnownFileType = sourcecode.swift; path = EditProfileViewController.swift; sourceTree = "<group>"; };
		DAA5B9662938827200BAB04E /* EditProfileViewModel.swift */ = {isa = PBXFileReference; lastKnownFileType = sourcecode.swift; path = EditProfileViewModel.swift; sourceTree = "<group>"; };
		DAAB20BE299B682900D5338D /* UserInfoItemInputTableView.swift */ = {isa = PBXFileReference; lastKnownFileType = sourcecode.swift; path = UserInfoItemInputTableView.swift; sourceTree = "<group>"; };
		DAAB20C0299B6AEF00D5338D /* Reusable.swift */ = {isa = PBXFileReference; lastKnownFileType = sourcecode.swift; path = Reusable.swift; sourceTree = "<group>"; };
		DAAB20C4299B7A1000D5338D /* IconInputCell.swift */ = {isa = PBXFileReference; lastKnownFileType = sourcecode.swift; path = IconInputCell.swift; sourceTree = "<group>"; };
		DAAB20C6299B7A5600D5338D /* ContentsInputCell.swift */ = {isa = PBXFileReference; lastKnownFileType = sourcecode.swift; path = ContentsInputCell.swift; sourceTree = "<group>"; };
		DAAC7A5B29715C0A0083A8E9 /* Rx+Ext.swift */ = {isa = PBXFileReference; lastKnownFileType = sourcecode.swift; path = "Rx+Ext.swift"; sourceTree = "<group>"; };
		DAAF1BD6299A0E1100728376 /* NewOtherItemViewController.swift */ = {isa = PBXFileReference; lastKnownFileType = sourcecode.swift; path = NewOtherItemViewController.swift; sourceTree = "<group>"; };
		DAAF1BDB299A11F400728376 /* UserInfoItemInputView.swift */ = {isa = PBXFileReference; lastKnownFileType = sourcecode.swift; path = UserInfoItemInputView.swift; sourceTree = "<group>"; };
		DAAF1BDE299A1E8100728376 /* Array+SafeIndex.swift */ = {isa = PBXFileReference; lastKnownFileType = sourcecode.swift; path = "Array+SafeIndex.swift"; sourceTree = "<group>"; };
		DAAFB2522918EE5A007A8DF0 /* UserInfo.swift */ = {isa = PBXFileReference; lastKnownFileType = sourcecode.swift; path = UserInfo.swift; sourceTree = "<group>"; };
		DAB06A3C291BA5B400E86163 /* HomeViewModel.swift */ = {isa = PBXFileReference; lastKnownFileType = sourcecode.swift; path = HomeViewModel.swift; sourceTree = "<group>"; };
		DAB06A3F291BA61100E86163 /* ViewModelType.swift */ = {isa = PBXFileReference; lastKnownFileType = sourcecode.swift; path = ViewModelType.swift; sourceTree = "<group>"; };
		DAE6090A2942095400481742 /* TotalUserInfoItemStackView.swift */ = {isa = PBXFileReference; lastKnownFileType = sourcecode.swift; path = TotalUserInfoItemStackView.swift; sourceTree = "<group>"; };
		DAE6090C29420D9900481742 /* ItemAddButton.swift */ = {isa = PBXFileReference; lastKnownFileType = sourcecode.swift; path = ItemAddButton.swift; sourceTree = "<group>"; };
		DAFCFB62294A9CD0006B287A /* EducationItem.swift */ = {isa = PBXFileReference; lastKnownFileType = sourcecode.swift; path = EducationItem.swift; sourceTree = "<group>"; };
		DAFCFB66294AC00C006B287A /* UIStackView+.swift */ = {isa = PBXFileReference; lastKnownFileType = sourcecode.swift; path = "UIStackView+.swift"; sourceTree = "<group>"; };
		DAFCFB6B294C3666006B287A /* EducationCell.swift */ = {isa = PBXFileReference; lastKnownFileType = sourcecode.swift; path = EducationCell.swift; sourceTree = "<group>"; };
		DAFCFB6E2950693F006B287A /* IntrinsicHeightTableView.swift */ = {isa = PBXFileReference; lastKnownFileType = sourcecode.swift; path = IntrinsicHeightTableView.swift; sourceTree = "<group>"; };
		DAFCFB7429543D3B006B287A /* UIButton+.swift */ = {isa = PBXFileReference; lastKnownFileType = sourcecode.swift; path = "UIButton+.swift"; sourceTree = "<group>"; };
		EF6EFC62162105F6F4B6C160 /* Pods-ItsME.debug.xcconfig */ = {isa = PBXFileReference; includeInIndex = 1; lastKnownFileType = text.xcconfig; name = "Pods-ItsME.debug.xcconfig"; path = "Target Support Files/Pods-ItsME/Pods-ItsME.debug.xcconfig"; sourceTree = "<group>"; };
/* End PBXFileReference section */

/* Begin PBXFrameworksBuildPhase section */
		D09AC96E2918DE8B0081C0EC /* Frameworks */ = {
			isa = PBXFrameworksBuildPhase;
			buildActionMask = 2147483647;
			files = (
				AC42542627FA2A4653D6FF36 /* Pods_ItsME.framework in Frameworks */,
			);
			runOnlyForDeploymentPostprocessing = 0;
		};
		D09AC9842918DE8C0081C0EC /* Frameworks */ = {
			isa = PBXFrameworksBuildPhase;
			buildActionMask = 2147483647;
			files = (
				9315A62380DF38908255FB71 /* Pods_ItsMETests.framework in Frameworks */,
			);
			runOnlyForDeploymentPostprocessing = 0;
		};
		D09AC98E2918DE8C0081C0EC /* Frameworks */ = {
			isa = PBXFrameworksBuildPhase;
			buildActionMask = 2147483647;
			files = (
				D116C8F4758A2D34A109B60E /* Pods_ItsME_ItsMEUITests.framework in Frameworks */,
			);
			runOnlyForDeploymentPostprocessing = 0;
		};
/* End PBXFrameworksBuildPhase section */

/* Begin PBXGroup section */
		52102F58560B24E2E84059BE /* Pods */ = {
			isa = PBXGroup;
			children = (
				EF6EFC62162105F6F4B6C160 /* Pods-ItsME.debug.xcconfig */,
				01A12FF797C646FA50F6146C /* Pods-ItsME.release.xcconfig */,
				C3E0CDB8E3A238AA97024E29 /* Pods-ItsME-ItsMEUITests.debug.xcconfig */,
				ABF30C2658F82877054831D3 /* Pods-ItsME-ItsMEUITests.release.xcconfig */,
				7F7E41409A47DE18BA24F5CA /* Pods-ItsMETests.debug.xcconfig */,
				BA18955F4C7DE57B29078446 /* Pods-ItsMETests.release.xcconfig */,
			);
			path = Pods;
			sourceTree = "<group>";
		};
		680956386FA09A3C79419A87 /* Frameworks */ = {
			isa = PBXGroup;
			children = (
				7BE9EDE36F8EDEAEEDD30931 /* Pods_ItsME.framework */,
				7F357FE4AA6629CA355222AC /* Pods_ItsME_ItsMEUITests.framework */,
				A597CDB8CB361A59587B5752 /* Pods_ItsMETests.framework */,
			);
			name = Frameworks;
			sourceTree = "<group>";
		};
		D0472F012964054400E83F61 /* TotalCV */ = {
			isa = PBXGroup;
			children = (
				D0472F06296406BC00E83F61 /* TotalCVViewController.swift */,
				D0472F08296406CF00E83F61 /* TotalCVViewModel.swift */,
			);
			path = TotalCV;
			sourceTree = "<group>";
		};
		D06CD86929936B36005DFB3B /* TableSection */ = {
			isa = PBXGroup;
			children = (
				D06CD86A29936BBC005DFB3B /* CategoryHeaderView.swift */,
				D04FAF97299CB6690049DBAA /* CoverLetterHeaderView.swift */,
			);
			path = TableSection;
			sourceTree = "<group>";
		};
		D09AC9682918DE8B0081C0EC = {
			isa = PBXGroup;
			children = (
				D09AC9732918DE8B0081C0EC /* ItsME */,
				D09AC98A2918DE8C0081C0EC /* ItsMETests */,
				D09AC9942918DE8C0081C0EC /* ItsMEUITests */,
				D09AC9722918DE8B0081C0EC /* Products */,
				52102F58560B24E2E84059BE /* Pods */,
				680956386FA09A3C79419A87 /* Frameworks */,
			);
			sourceTree = "<group>";
		};
		D09AC9722918DE8B0081C0EC /* Products */ = {
			isa = PBXGroup;
			children = (
				D09AC9712918DE8B0081C0EC /* ItsME.app */,
				D09AC9872918DE8C0081C0EC /* ItsMETests.xctest */,
				D09AC9912918DE8C0081C0EC /* ItsMEUITests.xctest */,
			);
			name = Products;
			sourceTree = "<group>";
		};
		D09AC9732918DE8B0081C0EC /* ItsME */ = {
			isa = PBXGroup;
			children = (
				D0CCF4EA292A690600AD4AE6 /* GoogleService-Info.plist */,
				DA739DDD2923B4D2003AEE4C /* ItsME.entitlements */,
				DAAFB2492918E43B007A8DF0 /* Application */,
				DAAFB2512918EE3D007A8DF0 /* Entities */,
				DAAFB24B2918E49A007A8DF0 /* Presentation */,
				DA0A88672921244400E9AE43 /* Repositories */,
				DAAFB24A2918E44B007A8DF0 /* Resources */,
				DAB06A3E291BA5E600E86163 /* Utils */,
			);
			path = ItsME;
			sourceTree = "<group>";
		};
		D09AC98A2918DE8C0081C0EC /* ItsMETests */ = {
			isa = PBXGroup;
			children = (
				D09AC98B2918DE8C0081C0EC /* ItsMETests.swift */,
			);
			path = ItsMETests;
			sourceTree = "<group>";
		};
		D09AC9942918DE8C0081C0EC /* ItsMEUITests */ = {
			isa = PBXGroup;
			children = (
				D09AC9952918DE8C0081C0EC /* ItsMEUITests.swift */,
				D09AC9972918DE8C0081C0EC /* ItsMEUITestsLaunchTests.swift */,
			);
			path = ItsMEUITests;
			sourceTree = "<group>";
		};
		D0CCF4E429260AF300AD4AE6 /* Common */ = {
			isa = PBXGroup;
			children = (
				D06CD86929936B36005DFB3B /* TableSection */,
				DAFCFB6D295068EE006B287A /* TableView */,
				DAFCFB6A294C3622006B287A /* Cells */,
				D0CCF502292CCB2400AD4AE6 /* Component */,
				DA739DE22924FCA0003AEE4C /* AlertViewController */,
			);
			path = Common;
			sourceTree = "<group>";
		};
		D0CCF502292CCB2400AD4AE6 /* Component */ = {
			isa = PBXGroup;
			children = (
				D0CCF4E529260C2B00AD4AE6 /* ProfileInfoComponent.swift */,
				D0CCF503292CCB4C00AD4AE6 /* CVCard.swift */,
				DAE6090A2942095400481742 /* TotalUserInfoItemStackView.swift */,
				DAE6090C29420D9900481742 /* ItemAddButton.swift */,
			);
			path = Component;
			sourceTree = "<group>";
		};
		DA018803296D0E39002C5CB0 /* BirthdayEditing */ = {
			isa = PBXGroup;
			children = (
				DA018808296D146A002C5CB0 /* BirthdayEditingViewController.swift */,
			);
			path = BirthdayEditing;
			sourceTree = "<group>";
		};
		DA018804296D10B5002C5CB0 /* AddressEditing */ = {
			isa = PBXGroup;
			children = (
				DA01880A296D1471002C5CB0 /* AddressEditingViewController.swift */,
			);
			path = AddressEditing;
			sourceTree = "<group>";
		};
		DA018805296D10BD002C5CB0 /* PhoneNumberEditing */ = {
			isa = PBXGroup;
			children = (
				DA01880C296D1477002C5CB0 /* PhoneNumberEditingViewController.swift */,
			);
			path = PhoneNumberEditing;
			sourceTree = "<group>";
		};
		DA018806296D10F8002C5CB0 /* EmailEditing */ = {
			isa = PBXGroup;
			children = (
				DA01880E296D147D002C5CB0 /* EmailEditingViewController.swift */,
			);
			path = EmailEditing;
			sourceTree = "<group>";
		};
		DA018807296D1201002C5CB0 /* OtherItemEditing */ = {
			isa = PBXGroup;
			children = (
				DA018810296D1483002C5CB0 /* OtherItemEditingViewController.swift */,
			);
			path = OtherItemEditing;
			sourceTree = "<group>";
		};
		DA0A88672921244400E9AE43 /* Repositories */ = {
			isa = PBXGroup;
			children = (
				DA6BCE5F292F04930059E95D /* Firebase */,
				DA0A88682921245000E9AE43 /* UserRepository.swift */,
				DA7201ED2931E7BB00A69519 /* CVRepository.swift */,
			);
			path = Repositories;
			sourceTree = "<group>";
		};
		DA6BCE5F292F04930059E95D /* Firebase */ = {
			isa = PBXGroup;
			children = (
				DA6BCE5D292F04910059E95D /* DatabaseReferenceManager.swift */,
			);
			path = Firebase;
			sourceTree = "<group>";
		};
		DA7201E5292F684900A69519 /* Extensions */ = {
			isa = PBXGroup;
			children = (
				DA7201E6292F6A0600A69519 /* DatabaseReference+Rx.swift */,
				DA7201EB29309B9600A69519 /* AuthenticationServices+Rx.swift */,
				DAFCFB66294AC00C006B287A /* UIStackView+.swift */,
				DAFCFB7429543D3B006B287A /* UIButton+.swift */,
				DAAC7A5B29715C0A0083A8E9 /* Rx+Ext.swift */,
				DAAF1BDE299A1E8100728376 /* Array+SafeIndex.swift */,
			);
			path = Extensions;
			sourceTree = "<group>";
		};
		DA739DD82923989A003AEE4C /* Login */ = {
			isa = PBXGroup;
			children = (
				DA739DD9292398BE003AEE4C /* LoginViewController.swift */,
				DA739DDB292398C3003AEE4C /* LoginViewModel.swift */,
			);
			path = Login;
			sourceTree = "<group>";
		};
		DA739DE22924FCA0003AEE4C /* AlertViewController */ = {
			isa = PBXGroup;
			children = (
				DA739DE32924FE54003AEE4C /* CommonAlertViewController.swift */,
			);
			path = AlertViewController;
			sourceTree = "<group>";
		};
		DAA5B9632938760900BAB04E /* EditProfile */ = {
			isa = PBXGroup;
			children = (
				DAA5B9642938825A00BAB04E /* EditProfileViewController.swift */,
				DAA5B9662938827200BAB04E /* EditProfileViewModel.swift */,
				DA018803296D0E39002C5CB0 /* BirthdayEditing */,
				DA018804296D10B5002C5CB0 /* AddressEditing */,
				DA018805296D10BD002C5CB0 /* PhoneNumberEditing */,
				DA018806296D10F8002C5CB0 /* EmailEditing */,
				DAAF1BD8299A0F8000728376 /* OtherItem */,
			);
			path = EditProfile;
			sourceTree = "<group>";
		};
		DAAB20C2299B79E400D5338D /* TableView */ = {
			isa = PBXGroup;
			children = (
				DAAB20BE299B682900D5338D /* UserInfoItemInputTableView.swift */,
			);
			path = TableView;
			sourceTree = "<group>";
		};
		DAAB20C3299B79E900D5338D /* Cell */ = {
			isa = PBXGroup;
			children = (
				DAAB20C4299B7A1000D5338D /* IconInputCell.swift */,
				DAAB20C6299B7A5600D5338D /* ContentsInputCell.swift */,
				DA481D77299E085700C8C734 /* IconInputViewModel.swift */,
			);
			path = Cell;
			sourceTree = "<group>";
		};
		DAAF1BD5299A0DF300728376 /* NewOtherItem */ = {
			isa = PBXGroup;
			children = (
				DAAF1BD6299A0E1100728376 /* NewOtherItemViewController.swift */,
			);
			path = NewOtherItem;
			sourceTree = "<group>";
		};
		DAAF1BD8299A0F8000728376 /* OtherItem */ = {
			isa = PBXGroup;
			children = (
				DAAF1BDD299A11FE00728376 /* CommonView */,
				DA018807296D1201002C5CB0 /* OtherItemEditing */,
				DAAF1BD5299A0DF300728376 /* NewOtherItem */,
			);
			path = OtherItem;
			sourceTree = "<group>";
		};
		DAAF1BDD299A11FE00728376 /* CommonView */ = {
			isa = PBXGroup;
			children = (
				DAAB20C3299B79E900D5338D /* Cell */,
				DAAB20C2299B79E400D5338D /* TableView */,
				DAAF1BDB299A11F400728376 /* UserInfoItemInputView.swift */,
			);
			path = CommonView;
			sourceTree = "<group>";
		};
		DAAFB2492918E43B007A8DF0 /* Application */ = {
			isa = PBXGroup;
			children = (
				D09AC9742918DE8B0081C0EC /* AppDelegate.swift */,
				D09AC9762918DE8B0081C0EC /* SceneDelegate.swift */,
			);
			path = Application;
			sourceTree = "<group>";
		};
		DAAFB24A2918E44B007A8DF0 /* Resources */ = {
			isa = PBXGroup;
			children = (
				D09AC97D2918DE8C0081C0EC /* Assets.xcassets */,
				D09AC97F2918DE8C0081C0EC /* LaunchScreen.storyboard */,
				D09AC9822918DE8C0081C0EC /* Info.plist */,
			);
			path = Resources;
			sourceTree = "<group>";
		};
		DAAFB24B2918E49A007A8DF0 /* Presentation */ = {
			isa = PBXGroup;
			children = (
				D0CCF4E429260AF300AD4AE6 /* Common */,
				DAB06A3A291BA5A300E86163 /* Scenes */,
			);
			path = Presentation;
			sourceTree = "<group>";
		};
		DAAFB24D2918EC38007A8DF0 /* Home */ = {
			isa = PBXGroup;
			children = (
				D09AC9782918DE8B0081C0EC /* HomeViewController.swift */,
				DAB06A3C291BA5B400E86163 /* HomeViewModel.swift */,
			);
			path = Home;
			sourceTree = "<group>";
		};
		DAAFB2512918EE3D007A8DF0 /* Entities */ = {
			isa = PBXGroup;
			children = (
				DAAFB2522918EE5A007A8DF0 /* UserInfo.swift */,
				D0CCF4E729260ED200AD4AE6 /* UserInfoItem.swift */,
				DA7201EF2931EEE600A69519 /* CVInfo.swift */,
				DA7201F92931F90900A69519 /* Resume.swift */,
				DA7201F12931F21100A69519 /* ResumeCategory.swift */,
				DA7201F52931F41100A69519 /* ResumeItem.swift */,
				DA7201F72931F8EB00A69519 /* CoverLetter.swift */,
				DA7201F32931F25500A69519 /* CoverLetterItem.swift */,
				DAFCFB62294A9CD0006B287A /* EducationItem.swift */,
			);
			path = Entities;
			sourceTree = "<group>";
		};
		DAB06A3A291BA5A300E86163 /* Scenes */ = {
			isa = PBXGroup;
			children = (
				D0472F012964054400E83F61 /* TotalCV */,
				DAA5B9632938760900BAB04E /* EditProfile */,
				DA739DD82923989A003AEE4C /* Login */,
				DAAFB24D2918EC38007A8DF0 /* Home */,
			);
			path = Scenes;
			sourceTree = "<group>";
		};
		DAB06A3E291BA5E600E86163 /* Utils */ = {
			isa = PBXGroup;
			children = (
				DA7201E5292F684900A69519 /* Extensions */,
				DAB06A41291BA8C800E86163 /* Protocols */,
				D0CCF4E02925FB0100AD4AE6 /* UIView+.swift */,
				DA7201E929309B2F00A69519 /* ASAuthorizationControllerDelegateProxy.swift */,
				DA26989B298A4709008A5D30 /* DefaultJsonDecoder.swift */,
			);
			path = Utils;
			sourceTree = "<group>";
		};
		DAB06A41291BA8C800E86163 /* Protocols */ = {
			isa = PBXGroup;
			children = (
				DAB06A3F291BA61100E86163 /* ViewModelType.swift */,
				D0CCF4E2292604BE00AD4AE6 /* UIColor+.swift */,
				DAAB20C0299B6AEF00D5338D /* Reusable.swift */,
			);
			path = Protocols;
			sourceTree = "<group>";
		};
		DAFCFB6A294C3622006B287A /* Cells */ = {
			isa = PBXGroup;
			children = (
				DAFCFB6B294C3666006B287A /* EducationCell.swift */,
				D0B1BA852988DA75003ACD41 /* CategoryCell.swift */,
				D04FAF94299CB3F60049DBAA /* CoverLetterCell.swift */,
			);
			path = Cells;
			sourceTree = "<group>";
		};
		DAFCFB6D295068EE006B287A /* TableView */ = {
			isa = PBXGroup;
			children = (
				DAFCFB6E2950693F006B287A /* IntrinsicHeightTableView.swift */,
			);
			path = TableView;
			sourceTree = "<group>";
		};
/* End PBXGroup section */

/* Begin PBXNativeTarget section */
		D09AC9702918DE8B0081C0EC /* ItsME */ = {
			isa = PBXNativeTarget;
			buildConfigurationList = D09AC99B2918DE8C0081C0EC /* Build configuration list for PBXNativeTarget "ItsME" */;
			buildPhases = (
				3DDD08CB1E33EE53000C21EF /* [CP] Check Pods Manifest.lock */,
				D09AC96D2918DE8B0081C0EC /* Sources */,
				D09AC96E2918DE8B0081C0EC /* Frameworks */,
				D09AC96F2918DE8B0081C0EC /* Resources */,
				0D6690C7CEB60D86A0F79729 /* [CP] Embed Pods Frameworks */,
			);
			buildRules = (
			);
			dependencies = (
			);
			name = ItsME;
			productName = "It'sME";
			productReference = D09AC9712918DE8B0081C0EC /* ItsME.app */;
			productType = "com.apple.product-type.application";
		};
		D09AC9862918DE8C0081C0EC /* ItsMETests */ = {
			isa = PBXNativeTarget;
			buildConfigurationList = D09AC99E2918DE8C0081C0EC /* Build configuration list for PBXNativeTarget "ItsMETests" */;
			buildPhases = (
				25B79744419E134C81AC8BD6 /* [CP] Check Pods Manifest.lock */,
				D09AC9832918DE8C0081C0EC /* Sources */,
				D09AC9842918DE8C0081C0EC /* Frameworks */,
				D09AC9852918DE8C0081C0EC /* Resources */,
			);
			buildRules = (
			);
			dependencies = (
				D09AC9892918DE8C0081C0EC /* PBXTargetDependency */,
			);
			name = ItsMETests;
			productName = "It'sMETests";
			productReference = D09AC9872918DE8C0081C0EC /* ItsMETests.xctest */;
			productType = "com.apple.product-type.bundle.unit-test";
		};
		D09AC9902918DE8C0081C0EC /* ItsMEUITests */ = {
			isa = PBXNativeTarget;
			buildConfigurationList = D09AC9A12918DE8C0081C0EC /* Build configuration list for PBXNativeTarget "ItsMEUITests" */;
			buildPhases = (
				9C73259D786C3EABF36A2505 /* [CP] Check Pods Manifest.lock */,
				D09AC98D2918DE8C0081C0EC /* Sources */,
				D09AC98E2918DE8C0081C0EC /* Frameworks */,
				D09AC98F2918DE8C0081C0EC /* Resources */,
				DB71DEF27829FCA260281068 /* [CP] Embed Pods Frameworks */,
			);
			buildRules = (
			);
			dependencies = (
				D09AC9932918DE8C0081C0EC /* PBXTargetDependency */,
			);
			name = ItsMEUITests;
			productName = "It'sMEUITests";
			productReference = D09AC9912918DE8C0081C0EC /* ItsMEUITests.xctest */;
			productType = "com.apple.product-type.bundle.ui-testing";
		};
/* End PBXNativeTarget section */

/* Begin PBXProject section */
		D09AC9692918DE8B0081C0EC /* Project object */ = {
			isa = PBXProject;
			attributes = {
				BuildIndependentTargetsInParallel = 1;
				LastSwiftUpdateCheck = 1400;
				LastUpgradeCheck = 1400;
				TargetAttributes = {
					D09AC9702918DE8B0081C0EC = {
						CreatedOnToolsVersion = 14.0.1;
					};
					D09AC9862918DE8C0081C0EC = {
						CreatedOnToolsVersion = 14.0.1;
						TestTargetID = D09AC9702918DE8B0081C0EC;
					};
					D09AC9902918DE8C0081C0EC = {
						CreatedOnToolsVersion = 14.0.1;
						TestTargetID = D09AC9702918DE8B0081C0EC;
					};
				};
			};
			buildConfigurationList = D09AC96C2918DE8B0081C0EC /* Build configuration list for PBXProject "ItsME" */;
			compatibilityVersion = "Xcode 14.0";
			developmentRegion = ko;
			hasScannedForEncodings = 0;
			knownRegions = (
				ko,
				en,
				Base,
			);
			mainGroup = D09AC9682918DE8B0081C0EC;
			productRefGroup = D09AC9722918DE8B0081C0EC /* Products */;
			projectDirPath = "";
			projectRoot = "";
			targets = (
				D09AC9702918DE8B0081C0EC /* ItsME */,
				D09AC9862918DE8C0081C0EC /* ItsMETests */,
				D09AC9902918DE8C0081C0EC /* ItsMEUITests */,
			);
		};
/* End PBXProject section */

/* Begin PBXResourcesBuildPhase section */
		D09AC96F2918DE8B0081C0EC /* Resources */ = {
			isa = PBXResourcesBuildPhase;
			buildActionMask = 2147483647;
			files = (
				D09AC9812918DE8C0081C0EC /* LaunchScreen.storyboard in Resources */,
				D09AC97E2918DE8C0081C0EC /* Assets.xcassets in Resources */,
				D0CCF4EB292A690600AD4AE6 /* GoogleService-Info.plist in Resources */,
			);
			runOnlyForDeploymentPostprocessing = 0;
		};
		D09AC9852918DE8C0081C0EC /* Resources */ = {
			isa = PBXResourcesBuildPhase;
			buildActionMask = 2147483647;
			files = (
			);
			runOnlyForDeploymentPostprocessing = 0;
		};
		D09AC98F2918DE8C0081C0EC /* Resources */ = {
			isa = PBXResourcesBuildPhase;
			buildActionMask = 2147483647;
			files = (
			);
			runOnlyForDeploymentPostprocessing = 0;
		};
/* End PBXResourcesBuildPhase section */

/* Begin PBXShellScriptBuildPhase section */
		0D6690C7CEB60D86A0F79729 /* [CP] Embed Pods Frameworks */ = {
			isa = PBXShellScriptBuildPhase;
			buildActionMask = 2147483647;
			files = (
			);
			inputFileListPaths = (
				"${PODS_ROOT}/Target Support Files/Pods-ItsME/Pods-ItsME-frameworks-${CONFIGURATION}-input-files.xcfilelist",
			);
			name = "[CP] Embed Pods Frameworks";
			outputFileListPaths = (
				"${PODS_ROOT}/Target Support Files/Pods-ItsME/Pods-ItsME-frameworks-${CONFIGURATION}-output-files.xcfilelist",
			);
			runOnlyForDeploymentPostprocessing = 0;
			shellPath = /bin/sh;
			shellScript = "\"${PODS_ROOT}/Target Support Files/Pods-ItsME/Pods-ItsME-frameworks.sh\"\n";
			showEnvVarsInLog = 0;
		};
		25B79744419E134C81AC8BD6 /* [CP] Check Pods Manifest.lock */ = {
			isa = PBXShellScriptBuildPhase;
			buildActionMask = 2147483647;
			files = (
			);
			inputFileListPaths = (
			);
			inputPaths = (
				"${PODS_PODFILE_DIR_PATH}/Podfile.lock",
				"${PODS_ROOT}/Manifest.lock",
			);
			name = "[CP] Check Pods Manifest.lock";
			outputFileListPaths = (
			);
			outputPaths = (
				"$(DERIVED_FILE_DIR)/Pods-ItsMETests-checkManifestLockResult.txt",
			);
			runOnlyForDeploymentPostprocessing = 0;
			shellPath = /bin/sh;
			shellScript = "diff \"${PODS_PODFILE_DIR_PATH}/Podfile.lock\" \"${PODS_ROOT}/Manifest.lock\" > /dev/null\nif [ $? != 0 ] ; then\n    # print error to STDERR\n    echo \"error: The sandbox is not in sync with the Podfile.lock. Run 'pod install' or update your CocoaPods installation.\" >&2\n    exit 1\nfi\n# This output is used by Xcode 'outputs' to avoid re-running this script phase.\necho \"SUCCESS\" > \"${SCRIPT_OUTPUT_FILE_0}\"\n";
			showEnvVarsInLog = 0;
		};
		3DDD08CB1E33EE53000C21EF /* [CP] Check Pods Manifest.lock */ = {
			isa = PBXShellScriptBuildPhase;
			buildActionMask = 2147483647;
			files = (
			);
			inputFileListPaths = (
			);
			inputPaths = (
				"${PODS_PODFILE_DIR_PATH}/Podfile.lock",
				"${PODS_ROOT}/Manifest.lock",
			);
			name = "[CP] Check Pods Manifest.lock";
			outputFileListPaths = (
			);
			outputPaths = (
				"$(DERIVED_FILE_DIR)/Pods-ItsME-checkManifestLockResult.txt",
			);
			runOnlyForDeploymentPostprocessing = 0;
			shellPath = /bin/sh;
			shellScript = "diff \"${PODS_PODFILE_DIR_PATH}/Podfile.lock\" \"${PODS_ROOT}/Manifest.lock\" > /dev/null\nif [ $? != 0 ] ; then\n    # print error to STDERR\n    echo \"error: The sandbox is not in sync with the Podfile.lock. Run 'pod install' or update your CocoaPods installation.\" >&2\n    exit 1\nfi\n# This output is used by Xcode 'outputs' to avoid re-running this script phase.\necho \"SUCCESS\" > \"${SCRIPT_OUTPUT_FILE_0}\"\n";
			showEnvVarsInLog = 0;
		};
		9C73259D786C3EABF36A2505 /* [CP] Check Pods Manifest.lock */ = {
			isa = PBXShellScriptBuildPhase;
			buildActionMask = 2147483647;
			files = (
			);
			inputFileListPaths = (
			);
			inputPaths = (
				"${PODS_PODFILE_DIR_PATH}/Podfile.lock",
				"${PODS_ROOT}/Manifest.lock",
			);
			name = "[CP] Check Pods Manifest.lock";
			outputFileListPaths = (
			);
			outputPaths = (
				"$(DERIVED_FILE_DIR)/Pods-ItsME-ItsMEUITests-checkManifestLockResult.txt",
			);
			runOnlyForDeploymentPostprocessing = 0;
			shellPath = /bin/sh;
			shellScript = "diff \"${PODS_PODFILE_DIR_PATH}/Podfile.lock\" \"${PODS_ROOT}/Manifest.lock\" > /dev/null\nif [ $? != 0 ] ; then\n    # print error to STDERR\n    echo \"error: The sandbox is not in sync with the Podfile.lock. Run 'pod install' or update your CocoaPods installation.\" >&2\n    exit 1\nfi\n# This output is used by Xcode 'outputs' to avoid re-running this script phase.\necho \"SUCCESS\" > \"${SCRIPT_OUTPUT_FILE_0}\"\n";
			showEnvVarsInLog = 0;
		};
		DB71DEF27829FCA260281068 /* [CP] Embed Pods Frameworks */ = {
			isa = PBXShellScriptBuildPhase;
			buildActionMask = 2147483647;
			files = (
			);
			inputFileListPaths = (
				"${PODS_ROOT}/Target Support Files/Pods-ItsME-ItsMEUITests/Pods-ItsME-ItsMEUITests-frameworks-${CONFIGURATION}-input-files.xcfilelist",
			);
			name = "[CP] Embed Pods Frameworks";
			outputFileListPaths = (
				"${PODS_ROOT}/Target Support Files/Pods-ItsME-ItsMEUITests/Pods-ItsME-ItsMEUITests-frameworks-${CONFIGURATION}-output-files.xcfilelist",
			);
			runOnlyForDeploymentPostprocessing = 0;
			shellPath = /bin/sh;
			shellScript = "\"${PODS_ROOT}/Target Support Files/Pods-ItsME-ItsMEUITests/Pods-ItsME-ItsMEUITests-frameworks.sh\"\n";
			showEnvVarsInLog = 0;
		};
/* End PBXShellScriptBuildPhase section */

/* Begin PBXSourcesBuildPhase section */
		D09AC96D2918DE8B0081C0EC /* Sources */ = {
			isa = PBXSourcesBuildPhase;
			buildActionMask = 2147483647;
			files = (
				DAAB20C1299B6AEF00D5338D /* Reusable.swift in Sources */,
				DAE6090D29420D9900481742 /* ItemAddButton.swift in Sources */,
				DAAF1BDF299A1E8100728376 /* Array+SafeIndex.swift in Sources */,
				DAAB20C5299B7A1000D5338D /* IconInputCell.swift in Sources */,
				DAA5B9652938825A00BAB04E /* EditProfileViewController.swift in Sources */,
				DAAB20C7299B7A5600D5338D /* ContentsInputCell.swift in Sources */,
				DAAFB2532918EE5A007A8DF0 /* UserInfo.swift in Sources */,
				DAFCFB6C294C3666006B287A /* EducationCell.swift in Sources */,
				DA7201EC29309B9600A69519 /* AuthenticationServices+Rx.swift in Sources */,
				D09AC9792918DE8B0081C0EC /* HomeViewController.swift in Sources */,
				DA7201F02931EEE600A69519 /* CVInfo.swift in Sources */,
				DAB06A40291BA61100E86163 /* ViewModelType.swift in Sources */,
				DAAC7A5C29715C0A0083A8E9 /* Rx+Ext.swift in Sources */,
				DAFCFB67294AC00C006B287A /* UIStackView+.swift in Sources */,
				DA7201FA2931F90900A69519 /* Resume.swift in Sources */,
				DAAB20BF299B682900D5338D /* UserInfoItemInputTableView.swift in Sources */,
				DA0A88692921245000E9AE43 /* UserRepository.swift in Sources */,
				D0CCF4E12925FB0100AD4AE6 /* UIView+.swift in Sources */,
				D0CCF4E629260C2B00AD4AE6 /* ProfileInfoComponent.swift in Sources */,
				DA7201EA29309B2F00A69519 /* ASAuthorizationControllerDelegateProxy.swift in Sources */,
				DA26989C298A4709008A5D30 /* DefaultJsonDecoder.swift in Sources */,
				DA01880B296D1471002C5CB0 /* AddressEditingViewController.swift in Sources */,
				D0472F07296406BC00E83F61 /* TotalCVViewController.swift in Sources */,
				DA739DDA292398BE003AEE4C /* LoginViewController.swift in Sources */,
				DA01880F296D147D002C5CB0 /* EmailEditingViewController.swift in Sources */,
				D0472F09296406CF00E83F61 /* TotalCVViewModel.swift in Sources */,
				D09AC9752918DE8B0081C0EC /* AppDelegate.swift in Sources */,
				D06CD86B29936BBC005DFB3B /* CategoryHeaderView.swift in Sources */,
				DA739DE42924FE54003AEE4C /* CommonAlertViewController.swift in Sources */,
				DA6BCE5E292F04910059E95D /* DatabaseReferenceManager.swift in Sources */,
				DAAF1BD7299A0E1100728376 /* NewOtherItemViewController.swift in Sources */,
				DAFCFB63294A9CD0006B287A /* EducationItem.swift in Sources */,
				DA7201F22931F21100A69519 /* ResumeCategory.swift in Sources */,
				DA018809296D146A002C5CB0 /* BirthdayEditingViewController.swift in Sources */,
				DA481D78299E085700C8C734 /* IconInputViewModel.swift in Sources */,
				DAAF1BDC299A11F400728376 /* UserInfoItemInputView.swift in Sources */,
				DAB06A3D291BA5B400E86163 /* HomeViewModel.swift in Sources */,
				DA7201F82931F8EB00A69519 /* CoverLetter.swift in Sources */,
				DA7201F42931F25500A69519 /* CoverLetterItem.swift in Sources */,
				D04FAF95299CB3F60049DBAA /* CoverLetterCell.swift in Sources */,
				D04FAF98299CB6690049DBAA /* CoverLetterHeaderView.swift in Sources */,
				D0CCF4E3292604BE00AD4AE6 /* UIColor+.swift in Sources */,
				DA018811296D1483002C5CB0 /* OtherItemEditingViewController.swift in Sources */,
				D0CCF4E829260ED200AD4AE6 /* UserInfoItem.swift in Sources */,
				DA7201F62931F41100A69519 /* ResumeItem.swift in Sources */,
				DAFCFB6F2950693F006B287A /* IntrinsicHeightTableView.swift in Sources */,
				D09AC9772918DE8B0081C0EC /* SceneDelegate.swift in Sources */,
				DA7201EE2931E7BB00A69519 /* CVRepository.swift in Sources */,
				DAFCFB7529543D3B006B287A /* UIButton+.swift in Sources */,
				DAA5B9672938827200BAB04E /* EditProfileViewModel.swift in Sources */,
				DA7201E7292F6A0600A69519 /* DatabaseReference+Rx.swift in Sources */,
				DA739DDC292398C3003AEE4C /* LoginViewModel.swift in Sources */,
				DAE6090B2942095400481742 /* TotalUserInfoItemStackView.swift in Sources */,
				D0CCF504292CCB4C00AD4AE6 /* CVCard.swift in Sources */,
				DA01880D296D1477002C5CB0 /* PhoneNumberEditingViewController.swift in Sources */,
				D0B1BA862988DA75003ACD41 /* CategoryCell.swift in Sources */,
			);
			runOnlyForDeploymentPostprocessing = 0;
		};
		D09AC9832918DE8C0081C0EC /* Sources */ = {
			isa = PBXSourcesBuildPhase;
			buildActionMask = 2147483647;
			files = (
				D09AC98C2918DE8C0081C0EC /* ItsMETests.swift in Sources */,
			);
			runOnlyForDeploymentPostprocessing = 0;
		};
		D09AC98D2918DE8C0081C0EC /* Sources */ = {
			isa = PBXSourcesBuildPhase;
			buildActionMask = 2147483647;
			files = (
				DA739DE62925E35A003AEE4C /* ItsMEUITests.swift in Sources */,
				D09AC9982918DE8C0081C0EC /* ItsMEUITestsLaunchTests.swift in Sources */,
			);
			runOnlyForDeploymentPostprocessing = 0;
		};
/* End PBXSourcesBuildPhase section */

/* Begin PBXTargetDependency section */
		D09AC9892918DE8C0081C0EC /* PBXTargetDependency */ = {
			isa = PBXTargetDependency;
			target = D09AC9702918DE8B0081C0EC /* ItsME */;
			targetProxy = D09AC9882918DE8C0081C0EC /* PBXContainerItemProxy */;
		};
		D09AC9932918DE8C0081C0EC /* PBXTargetDependency */ = {
			isa = PBXTargetDependency;
			target = D09AC9702918DE8B0081C0EC /* ItsME */;
			targetProxy = D09AC9922918DE8C0081C0EC /* PBXContainerItemProxy */;
		};
/* End PBXTargetDependency section */

/* Begin PBXVariantGroup section */
		D09AC97F2918DE8C0081C0EC /* LaunchScreen.storyboard */ = {
			isa = PBXVariantGroup;
			children = (
				D09AC9802918DE8C0081C0EC /* Base */,
			);
			name = LaunchScreen.storyboard;
			sourceTree = "<group>";
		};
/* End PBXVariantGroup section */

/* Begin XCBuildConfiguration section */
		D09AC9992918DE8C0081C0EC /* Debug */ = {
			isa = XCBuildConfiguration;
			buildSettings = {
				ALWAYS_SEARCH_USER_PATHS = NO;
				CLANG_ANALYZER_NONNULL = YES;
				CLANG_ANALYZER_NUMBER_OBJECT_CONVERSION = YES_AGGRESSIVE;
				CLANG_CXX_LANGUAGE_STANDARD = "gnu++20";
				CLANG_ENABLE_MODULES = YES;
				CLANG_ENABLE_OBJC_ARC = YES;
				CLANG_ENABLE_OBJC_WEAK = YES;
				CLANG_WARN_BLOCK_CAPTURE_AUTORELEASING = YES;
				CLANG_WARN_BOOL_CONVERSION = YES;
				CLANG_WARN_COMMA = YES;
				CLANG_WARN_CONSTANT_CONVERSION = YES;
				CLANG_WARN_DEPRECATED_OBJC_IMPLEMENTATIONS = YES;
				CLANG_WARN_DIRECT_OBJC_ISA_USAGE = YES_ERROR;
				CLANG_WARN_DOCUMENTATION_COMMENTS = YES;
				CLANG_WARN_EMPTY_BODY = YES;
				CLANG_WARN_ENUM_CONVERSION = YES;
				CLANG_WARN_INFINITE_RECURSION = YES;
				CLANG_WARN_INT_CONVERSION = YES;
				CLANG_WARN_NON_LITERAL_NULL_CONVERSION = YES;
				CLANG_WARN_OBJC_IMPLICIT_RETAIN_SELF = YES;
				CLANG_WARN_OBJC_LITERAL_CONVERSION = YES;
				CLANG_WARN_OBJC_ROOT_CLASS = YES_ERROR;
				CLANG_WARN_QUOTED_INCLUDE_IN_FRAMEWORK_HEADER = YES;
				CLANG_WARN_RANGE_LOOP_ANALYSIS = YES;
				CLANG_WARN_STRICT_PROTOTYPES = YES;
				CLANG_WARN_SUSPICIOUS_MOVE = YES;
				CLANG_WARN_UNGUARDED_AVAILABILITY = YES_AGGRESSIVE;
				CLANG_WARN_UNREACHABLE_CODE = YES;
				CLANG_WARN__DUPLICATE_METHOD_MATCH = YES;
				COPY_PHASE_STRIP = NO;
				DEBUG_INFORMATION_FORMAT = dwarf;
				ENABLE_STRICT_OBJC_MSGSEND = YES;
				ENABLE_TESTABILITY = YES;
				GCC_C_LANGUAGE_STANDARD = gnu11;
				GCC_DYNAMIC_NO_PIC = NO;
				GCC_NO_COMMON_BLOCKS = YES;
				GCC_OPTIMIZATION_LEVEL = 0;
				GCC_PREPROCESSOR_DEFINITIONS = (
					"DEBUG=1",
					"$(inherited)",
				);
				GCC_WARN_64_TO_32_BIT_CONVERSION = YES;
				GCC_WARN_ABOUT_RETURN_TYPE = YES_ERROR;
				GCC_WARN_UNDECLARED_SELECTOR = YES;
				GCC_WARN_UNINITIALIZED_AUTOS = YES_AGGRESSIVE;
				GCC_WARN_UNUSED_FUNCTION = YES;
				GCC_WARN_UNUSED_VARIABLE = YES;
				IPHONEOS_DEPLOYMENT_TARGET = 15.0;
				MTL_ENABLE_DEBUG_INFO = INCLUDE_SOURCE;
				MTL_FAST_MATH = YES;
				ONLY_ACTIVE_ARCH = YES;
				SDKROOT = iphoneos;
				SWIFT_ACTIVE_COMPILATION_CONDITIONS = DEBUG;
				SWIFT_OPTIMIZATION_LEVEL = "-Onone";
			};
			name = Debug;
		};
		D09AC99A2918DE8C0081C0EC /* Release */ = {
			isa = XCBuildConfiguration;
			buildSettings = {
				ALWAYS_SEARCH_USER_PATHS = NO;
				CLANG_ANALYZER_NONNULL = YES;
				CLANG_ANALYZER_NUMBER_OBJECT_CONVERSION = YES_AGGRESSIVE;
				CLANG_CXX_LANGUAGE_STANDARD = "gnu++20";
				CLANG_ENABLE_MODULES = YES;
				CLANG_ENABLE_OBJC_ARC = YES;
				CLANG_ENABLE_OBJC_WEAK = YES;
				CLANG_WARN_BLOCK_CAPTURE_AUTORELEASING = YES;
				CLANG_WARN_BOOL_CONVERSION = YES;
				CLANG_WARN_COMMA = YES;
				CLANG_WARN_CONSTANT_CONVERSION = YES;
				CLANG_WARN_DEPRECATED_OBJC_IMPLEMENTATIONS = YES;
				CLANG_WARN_DIRECT_OBJC_ISA_USAGE = YES_ERROR;
				CLANG_WARN_DOCUMENTATION_COMMENTS = YES;
				CLANG_WARN_EMPTY_BODY = YES;
				CLANG_WARN_ENUM_CONVERSION = YES;
				CLANG_WARN_INFINITE_RECURSION = YES;
				CLANG_WARN_INT_CONVERSION = YES;
				CLANG_WARN_NON_LITERAL_NULL_CONVERSION = YES;
				CLANG_WARN_OBJC_IMPLICIT_RETAIN_SELF = YES;
				CLANG_WARN_OBJC_LITERAL_CONVERSION = YES;
				CLANG_WARN_OBJC_ROOT_CLASS = YES_ERROR;
				CLANG_WARN_QUOTED_INCLUDE_IN_FRAMEWORK_HEADER = YES;
				CLANG_WARN_RANGE_LOOP_ANALYSIS = YES;
				CLANG_WARN_STRICT_PROTOTYPES = YES;
				CLANG_WARN_SUSPICIOUS_MOVE = YES;
				CLANG_WARN_UNGUARDED_AVAILABILITY = YES_AGGRESSIVE;
				CLANG_WARN_UNREACHABLE_CODE = YES;
				CLANG_WARN__DUPLICATE_METHOD_MATCH = YES;
				COPY_PHASE_STRIP = NO;
				DEBUG_INFORMATION_FORMAT = "dwarf-with-dsym";
				ENABLE_NS_ASSERTIONS = NO;
				ENABLE_STRICT_OBJC_MSGSEND = YES;
				GCC_C_LANGUAGE_STANDARD = gnu11;
				GCC_NO_COMMON_BLOCKS = YES;
				GCC_WARN_64_TO_32_BIT_CONVERSION = YES;
				GCC_WARN_ABOUT_RETURN_TYPE = YES_ERROR;
				GCC_WARN_UNDECLARED_SELECTOR = YES;
				GCC_WARN_UNINITIALIZED_AUTOS = YES_AGGRESSIVE;
				GCC_WARN_UNUSED_FUNCTION = YES;
				GCC_WARN_UNUSED_VARIABLE = YES;
				IPHONEOS_DEPLOYMENT_TARGET = 15.0;
				MTL_ENABLE_DEBUG_INFO = NO;
				MTL_FAST_MATH = YES;
				SDKROOT = iphoneos;
				SWIFT_COMPILATION_MODE = wholemodule;
				SWIFT_OPTIMIZATION_LEVEL = "-O";
				VALIDATE_PRODUCT = YES;
			};
			name = Release;
		};
		D09AC99C2918DE8C0081C0EC /* Debug */ = {
			isa = XCBuildConfiguration;
			baseConfigurationReference = EF6EFC62162105F6F4B6C160 /* Pods-ItsME.debug.xcconfig */;
			buildSettings = {
				ASSETCATALOG_COMPILER_APPICON_NAME = AppIcon;
				ASSETCATALOG_COMPILER_GLOBAL_ACCENT_COLOR_NAME = AccentColor;
				CODE_SIGN_ENTITLEMENTS = ItsME/ItsME.entitlements;
				CODE_SIGN_STYLE = Automatic;
				CURRENT_PROJECT_VERSION = 1;
				DEVELOPMENT_TEAM = 585F6TK5A8;
				GENERATE_INFOPLIST_FILE = YES;
				INFOPLIST_FILE = ItsME/Resources/Info.plist;
				INFOPLIST_KEY_UIApplicationSupportsIndirectInputEvents = YES;
				INFOPLIST_KEY_UILaunchStoryboardName = LaunchScreen;
				INFOPLIST_KEY_UIMainStoryboardFile = "";
				INFOPLIST_KEY_UISupportedInterfaceOrientations = UIInterfaceOrientationPortrait;
				INFOPLIST_KEY_UISupportedInterfaceOrientations_iPad = "UIInterfaceOrientationLandscapeLeft UIInterfaceOrientationLandscapeRight UIInterfaceOrientationPortrait UIInterfaceOrientationPortraitUpsideDown";
				LD_RUNPATH_SEARCH_PATHS = (
					"$(inherited)",
					"@executable_path/Frameworks",
				);
				MARKETING_VERSION = 1.0;
				PRODUCT_BUNDLE_IDENTIFIER = "com.ILGOB.It-sME";
				PRODUCT_NAME = "$(TARGET_NAME)";
				SUPPORTED_PLATFORMS = "iphoneos iphonesimulator";
				SUPPORTS_MACCATALYST = NO;
				SUPPORTS_MAC_DESIGNED_FOR_IPHONE_IPAD = NO;
				SWIFT_EMIT_LOC_STRINGS = YES;
				SWIFT_VERSION = 5.0;
				TARGETED_DEVICE_FAMILY = 1;
			};
			name = Debug;
		};
		D09AC99D2918DE8C0081C0EC /* Release */ = {
			isa = XCBuildConfiguration;
			baseConfigurationReference = 01A12FF797C646FA50F6146C /* Pods-ItsME.release.xcconfig */;
			buildSettings = {
				ASSETCATALOG_COMPILER_APPICON_NAME = AppIcon;
				ASSETCATALOG_COMPILER_GLOBAL_ACCENT_COLOR_NAME = AccentColor;
				CODE_SIGN_ENTITLEMENTS = ItsME/ItsME.entitlements;
				CODE_SIGN_STYLE = Automatic;
				CURRENT_PROJECT_VERSION = 1;
				DEVELOPMENT_TEAM = 585F6TK5A8;
				GENERATE_INFOPLIST_FILE = YES;
				INFOPLIST_FILE = ItsME/Resources/Info.plist;
				INFOPLIST_KEY_UIApplicationSupportsIndirectInputEvents = YES;
				INFOPLIST_KEY_UILaunchStoryboardName = LaunchScreen;
				INFOPLIST_KEY_UIMainStoryboardFile = "";
				INFOPLIST_KEY_UISupportedInterfaceOrientations = UIInterfaceOrientationPortrait;
				INFOPLIST_KEY_UISupportedInterfaceOrientations_iPad = "UIInterfaceOrientationLandscapeLeft UIInterfaceOrientationLandscapeRight UIInterfaceOrientationPortrait UIInterfaceOrientationPortraitUpsideDown";
				LD_RUNPATH_SEARCH_PATHS = (
					"$(inherited)",
					"@executable_path/Frameworks",
				);
				MARKETING_VERSION = 1.0;
				PRODUCT_BUNDLE_IDENTIFIER = "com.ILGOB.It-sME";
				PRODUCT_NAME = "$(TARGET_NAME)";
				SUPPORTED_PLATFORMS = "iphoneos iphonesimulator";
				SUPPORTS_MACCATALYST = NO;
				SUPPORTS_MAC_DESIGNED_FOR_IPHONE_IPAD = NO;
				SWIFT_EMIT_LOC_STRINGS = YES;
				SWIFT_VERSION = 5.0;
				TARGETED_DEVICE_FAMILY = 1;
			};
			name = Release;
		};
		D09AC99F2918DE8C0081C0EC /* Debug */ = {
			isa = XCBuildConfiguration;
			baseConfigurationReference = 7F7E41409A47DE18BA24F5CA /* Pods-ItsMETests.debug.xcconfig */;
			buildSettings = {
				ALWAYS_EMBED_SWIFT_STANDARD_LIBRARIES = "$(inherited)";
				BUNDLE_LOADER = "$(TEST_HOST)";
				CODE_SIGN_STYLE = Automatic;
				CURRENT_PROJECT_VERSION = 1;
				DEVELOPMENT_TEAM = 585F6TK5A8;
				GENERATE_INFOPLIST_FILE = YES;
				IPHONEOS_DEPLOYMENT_TARGET = 15.0;
				MARKETING_VERSION = 1.0;
				PRODUCT_BUNDLE_IDENTIFIER = "com.ILGOB.It-sMETests";
				PRODUCT_NAME = "$(TARGET_NAME)";
				SUPPORTED_PLATFORMS = "iphoneos iphonesimulator";
				SUPPORTS_MACCATALYST = NO;
				SUPPORTS_MAC_DESIGNED_FOR_IPHONE_IPAD = NO;
				SWIFT_EMIT_LOC_STRINGS = NO;
				SWIFT_VERSION = 5.0;
				TARGETED_DEVICE_FAMILY = 1;
				TEST_HOST = "$(BUILT_PRODUCTS_DIR)/ItsME.app/$(BUNDLE_EXECUTABLE_FOLDER_PATH)/ItsME";
			};
			name = Debug;
		};
		D09AC9A02918DE8C0081C0EC /* Release */ = {
			isa = XCBuildConfiguration;
			baseConfigurationReference = BA18955F4C7DE57B29078446 /* Pods-ItsMETests.release.xcconfig */;
			buildSettings = {
				ALWAYS_EMBED_SWIFT_STANDARD_LIBRARIES = "$(inherited)";
				BUNDLE_LOADER = "$(TEST_HOST)";
				CODE_SIGN_STYLE = Automatic;
				CURRENT_PROJECT_VERSION = 1;
				DEVELOPMENT_TEAM = 585F6TK5A8;
				GENERATE_INFOPLIST_FILE = YES;
				IPHONEOS_DEPLOYMENT_TARGET = 15.0;
				MARKETING_VERSION = 1.0;
				PRODUCT_BUNDLE_IDENTIFIER = "com.ILGOB.It-sMETests";
				PRODUCT_NAME = "$(TARGET_NAME)";
				SUPPORTED_PLATFORMS = "iphoneos iphonesimulator";
				SUPPORTS_MACCATALYST = NO;
				SUPPORTS_MAC_DESIGNED_FOR_IPHONE_IPAD = NO;
				SWIFT_EMIT_LOC_STRINGS = NO;
				SWIFT_VERSION = 5.0;
				TARGETED_DEVICE_FAMILY = 1;
				TEST_HOST = "$(BUILT_PRODUCTS_DIR)/ItsME.app/$(BUNDLE_EXECUTABLE_FOLDER_PATH)/ItsME";
			};
			name = Release;
		};
		D09AC9A22918DE8C0081C0EC /* Debug */ = {
			isa = XCBuildConfiguration;
			baseConfigurationReference = C3E0CDB8E3A238AA97024E29 /* Pods-ItsME-ItsMEUITests.debug.xcconfig */;
			buildSettings = {
				ALWAYS_EMBED_SWIFT_STANDARD_LIBRARIES = "$(inherited)";
				CODE_SIGN_STYLE = Automatic;
				CURRENT_PROJECT_VERSION = 1;
				DEVELOPMENT_TEAM = 585F6TK5A8;
				GENERATE_INFOPLIST_FILE = YES;
				MARKETING_VERSION = 1.0;
				PRODUCT_BUNDLE_IDENTIFIER = "com.ILGOB.It-sMEUITests";
				PRODUCT_NAME = "$(TARGET_NAME)";
				SUPPORTED_PLATFORMS = "iphoneos iphonesimulator";
				SUPPORTS_MACCATALYST = NO;
				SUPPORTS_MAC_DESIGNED_FOR_IPHONE_IPAD = NO;
				SWIFT_EMIT_LOC_STRINGS = NO;
				SWIFT_VERSION = 5.0;
				TARGETED_DEVICE_FAMILY = 1;
				TEST_TARGET_NAME = ItsME;
			};
			name = Debug;
		};
		D09AC9A32918DE8C0081C0EC /* Release */ = {
			isa = XCBuildConfiguration;
			baseConfigurationReference = ABF30C2658F82877054831D3 /* Pods-ItsME-ItsMEUITests.release.xcconfig */;
			buildSettings = {
				ALWAYS_EMBED_SWIFT_STANDARD_LIBRARIES = "$(inherited)";
				CODE_SIGN_STYLE = Automatic;
				CURRENT_PROJECT_VERSION = 1;
				DEVELOPMENT_TEAM = 585F6TK5A8;
				GENERATE_INFOPLIST_FILE = YES;
				MARKETING_VERSION = 1.0;
				PRODUCT_BUNDLE_IDENTIFIER = "com.ILGOB.It-sMEUITests";
				PRODUCT_NAME = "$(TARGET_NAME)";
				SUPPORTED_PLATFORMS = "iphoneos iphonesimulator";
				SUPPORTS_MACCATALYST = NO;
				SUPPORTS_MAC_DESIGNED_FOR_IPHONE_IPAD = NO;
				SWIFT_EMIT_LOC_STRINGS = NO;
				SWIFT_VERSION = 5.0;
				TARGETED_DEVICE_FAMILY = 1;
				TEST_TARGET_NAME = ItsME;
			};
			name = Release;
		};
/* End XCBuildConfiguration section */

/* Begin XCConfigurationList section */
		D09AC96C2918DE8B0081C0EC /* Build configuration list for PBXProject "ItsME" */ = {
			isa = XCConfigurationList;
			buildConfigurations = (
				D09AC9992918DE8C0081C0EC /* Debug */,
				D09AC99A2918DE8C0081C0EC /* Release */,
			);
			defaultConfigurationIsVisible = 0;
			defaultConfigurationName = Release;
		};
		D09AC99B2918DE8C0081C0EC /* Build configuration list for PBXNativeTarget "ItsME" */ = {
			isa = XCConfigurationList;
			buildConfigurations = (
				D09AC99C2918DE8C0081C0EC /* Debug */,
				D09AC99D2918DE8C0081C0EC /* Release */,
			);
			defaultConfigurationIsVisible = 0;
			defaultConfigurationName = Release;
		};
		D09AC99E2918DE8C0081C0EC /* Build configuration list for PBXNativeTarget "ItsMETests" */ = {
			isa = XCConfigurationList;
			buildConfigurations = (
				D09AC99F2918DE8C0081C0EC /* Debug */,
				D09AC9A02918DE8C0081C0EC /* Release */,
			);
			defaultConfigurationIsVisible = 0;
			defaultConfigurationName = Release;
		};
		D09AC9A12918DE8C0081C0EC /* Build configuration list for PBXNativeTarget "ItsMEUITests" */ = {
			isa = XCConfigurationList;
			buildConfigurations = (
				D09AC9A22918DE8C0081C0EC /* Debug */,
				D09AC9A32918DE8C0081C0EC /* Release */,
			);
			defaultConfigurationIsVisible = 0;
			defaultConfigurationName = Release;
		};
/* End XCConfigurationList section */
	};
	rootObject = D09AC9692918DE8B0081C0EC /* Project object */;
}
